
Microsoft Visual Studio Solution File, Format Version 12.00
Project("{FAE04EC0-301F-11D3-BF4B-00C04F79EFBC}") = "WebSocketDemo", "WebSocketDemo\WebSocketDemo.csproj", "{862EB6D8-7A11-447B-9086-0A78A22E9697}"
EndProject
Project("{FAE04EC0-301F-11D3-BF4B-00C04F79EFBC}") = "WsApplication.Contracts", "WsApplication.Contracts\WsApplication.Contracts.csproj", "{28ECDD9B-CE78-44D1-86D4-E1B3DAED4E53}"
EndProject
Global
	GlobalSection(SolutionConfigurationPlatforms) = preSolution
		Debug|Any CPU = Debug|Any CPU
		Release|Any CPU = Release|Any CPU
	EndGlobalSection
	GlobalSection(ProjectConfigurationPlatforms) = postSolution
		{862EB6D8-7A11-447B-9086-0A78A22E9697}.Debug|Any CPU.ActiveCfg = Debug|Any CPU
		{862EB6D8-7A11-447B-9086-0A78A22E9697}.Debug|Any CPU.Build.0 = Debug|Any CPU
		{862EB6D8-7A11-447B-9086-0A78A22E9697}.Release|Any CPU.ActiveCfg = Release|Any CPU
		{862EB6D8-7A11-447B-9086-0A78A22E9697}.Release|Any CPU.Build.0 = Release|Any CPU
		{28ECDD9B-CE78-44D1-86D4-E1B3DAED4E53}.Debug|Any CPU.ActiveCfg = Debug|Any CPU
		{28ECDD9B-CE78-44D1-86D4-E1B3DAED4E53}.Debug|Any CPU.Build.0 = Debug|Any CPU
		{28ECDD9B-CE78-44D1-86D4-E1B3DAED4E53}.Release|Any CPU.ActiveCfg = Release|Any CPU
		{28ECDD9B-CE78-44D1-86D4-E1B3DAED4E53}.Release|Any CPU.Build.0 = Release|Any CPU
	EndGlobalSection
EndGlobal
