
Microsoft Visual Studio Solution File, Format Version 12.00
Project("{2150E333-8FDC-42A3-9474-1A3956D46DE8}") = "src", "src", "{A1CA826E-EE44-42F5-9AA9-A4DBB6AB6A1E}"
EndProject
Project("{FAE04EC0-301F-11D3-BF4B-00C04F79EFBC}") = "SilkyApp.GatewayHost", "src\SilkyApp.GatewayHost\SilkyApp.GatewayHost.csproj", "{7152ACF3-BEE9-4B85-A80B-B0B1FF0091A5}"
EndProject
Project("{FAE04EC0-301F-11D3-BF4B-00C04F79EFBC}") = "docker-compose", "docker-compose\SilkyApp\docker-compose.dcproj", "{FEA0C318-FFED-4D39-8781-265718CA43DD}"
EndProject
Global
	GlobalSection(SolutionConfigurationPlatforms) = preSolution
		Debug|Any CPU = Debug|Any CPU
		Release|Any CPU = Release|Any CPU
	EndGlobalSection
	GlobalSection(NestedProjects) = preSolution
		{7152ACF3-BEE9-4B85-A80B-B0B1FF0091A5} = {A1CA826E-EE44-42F5-9AA9-A4DBB6AB6A1E}
	EndGlobalSection
	GlobalSection(ProjectConfigurationPlatforms) = postSolution
		{7152ACF3-BEE9-4B85-A80B-B0B1FF0091A5}.Debug|Any CPU.ActiveCfg = Debug|Any CPU
		{7152ACF3-BEE9-4B85-A80B-B0B1FF0091A5}.Debug|Any CPU.Build.0 = Debug|Any CPU
		{7152ACF3-BEE9-4B85-A80B-B0B1FF0091A5}.Release|Any CPU.ActiveCfg = Release|Any CPU
		{7152ACF3-BEE9-4B85-A80B-B0B1FF0091A5}.Release|Any CPU.Build.0 = Release|Any CPU
		{FEA0C318-FFED-4D39-8781-265718CA43DD}.Debug|Any CPU.ActiveCfg = Debug|Any CPU
		{FEA0C318-FFED-4D39-8781-265718CA43DD}.Debug|Any CPU.Build.0 = Debug|Any CPU
		{FEA0C318-FFED-4D39-8781-265718CA43DD}.Release|Any CPU.ActiveCfg = Debug|Any CPU
		{FEA0C318-FFED-4D39-8781-265718CA43DD}.Release|Any CPU.Build.0 = Debug|Any CPU
	EndGlobalSection
EndGlobal
