
Microsoft Visual Studio Solution File, Format Version 12.00
Project("{2150E333-8FDC-42A3-9474-1A3956D46DE8}") = "src", "src", "{BBAACB71-9C7B-47EB-80A1-E7D9DF73F076}"
EndProject
Project("{FAE04EC0-301F-11D3-BF4B-00C04F79EFBC}") = "Lms.Core", "src\Lms.Core\Lms.Core.csproj", "{17D3E946-6069-428A-89EB-63ED642F395B}"
EndProject
Project("{FAE04EC0-301F-11D3-BF4B-00C04F79EFBC}") = "Lms.Zookeeper", "src\Lms.Zookeeper\Lms.Zookeeper.csproj", "{52477F1F-327D-441B-9ED0-BCE759BC3DD2}"
EndProject
Project("{FAE04EC0-301F-11D3-BF4B-00C04F79EFBC}") = "Lms.Proxy", "src\Lms.Proxy\Lms.Proxy.csproj", "{B9E60852-6784-469F-8192-BD5B0FAEDD88}"
EndProject
Project("{FAE04EC0-301F-11D3-BF4B-00C04F79EFBC}") = "Lms.DotNetty", "src\Lms.DotNetty\Lms.DotNetty.csproj", "{509CB0F3-072D-4FC4-9E59-10D1099F90D3}"
EndProject
Project("{FAE04EC0-301F-11D3-BF4B-00C04F79EFBC}") = "Lms.Caching", "src\Lms.Caching\Lms.Caching.csproj", "{84B7FB5E-8AF6-492E-B7B0-89FEBAB20495}"
EndProject
Project("{2150E333-8FDC-42A3-9474-1A3956D46DE8}") = "test", "test", "{0ADAAB32-452C-4B2B-9EF7-BE57131C96F8}"
EndProject
Project("{FAE04EC0-301F-11D3-BF4B-00C04F79EFBC}") = "Lms.Rpc", "src\Lms.Rpc\Lms.Rpc.csproj", "{85CC1802-9656-47C9-8175-988D6AE619BC}"
EndProject
Project("{FAE04EC0-301F-11D3-BF4B-00C04F79EFBC}") = "ConsoleDemo", "test\ConsoleDemo\ConsoleDemo.csproj", "{A35B6E14-4157-4BF1-A40D-EED44066879C}"
EndProject
Global
	GlobalSection(SolutionConfigurationPlatforms) = preSolution
		Debug|Any CPU = Debug|Any CPU
		Release|Any CPU = Release|Any CPU
	EndGlobalSection
	GlobalSection(NestedProjects) = preSolution
		{17D3E946-6069-428A-89EB-63ED642F395B} = {BBAACB71-9C7B-47EB-80A1-E7D9DF73F076}
		{52477F1F-327D-441B-9ED0-BCE759BC3DD2} = {BBAACB71-9C7B-47EB-80A1-E7D9DF73F076}
		{B9E60852-6784-469F-8192-BD5B0FAEDD88} = {BBAACB71-9C7B-47EB-80A1-E7D9DF73F076}
		{509CB0F3-072D-4FC4-9E59-10D1099F90D3} = {BBAACB71-9C7B-47EB-80A1-E7D9DF73F076}
		{84B7FB5E-8AF6-492E-B7B0-89FEBAB20495} = {BBAACB71-9C7B-47EB-80A1-E7D9DF73F076}
		{85CC1802-9656-47C9-8175-988D6AE619BC} = {BBAACB71-9C7B-47EB-80A1-E7D9DF73F076}
		{A35B6E14-4157-4BF1-A40D-EED44066879C} = {0ADAAB32-452C-4B2B-9EF7-BE57131C96F8}
	EndGlobalSection
	GlobalSection(ProjectConfigurationPlatforms) = postSolution
		{17D3E946-6069-428A-89EB-63ED642F395B}.Debug|Any CPU.ActiveCfg = Debug|Any CPU
		{17D3E946-6069-428A-89EB-63ED642F395B}.Debug|Any CPU.Build.0 = Debug|Any CPU
		{17D3E946-6069-428A-89EB-63ED642F395B}.Release|Any CPU.ActiveCfg = Release|Any CPU
		{17D3E946-6069-428A-89EB-63ED642F395B}.Release|Any CPU.Build.0 = Release|Any CPU
		{52477F1F-327D-441B-9ED0-BCE759BC3DD2}.Debug|Any CPU.ActiveCfg = Debug|Any CPU
		{52477F1F-327D-441B-9ED0-BCE759BC3DD2}.Debug|Any CPU.Build.0 = Debug|Any CPU
		{52477F1F-327D-441B-9ED0-BCE759BC3DD2}.Release|Any CPU.ActiveCfg = Release|Any CPU
		{52477F1F-327D-441B-9ED0-BCE759BC3DD2}.Release|Any CPU.Build.0 = Release|Any CPU
		{B9E60852-6784-469F-8192-BD5B0FAEDD88}.Debug|Any CPU.ActiveCfg = Debug|Any CPU
		{B9E60852-6784-469F-8192-BD5B0FAEDD88}.Debug|Any CPU.Build.0 = Debug|Any CPU
		{B9E60852-6784-469F-8192-BD5B0FAEDD88}.Release|Any CPU.ActiveCfg = Release|Any CPU
		{B9E60852-6784-469F-8192-BD5B0FAEDD88}.Release|Any CPU.Build.0 = Release|Any CPU
		{509CB0F3-072D-4FC4-9E59-10D1099F90D3}.Debug|Any CPU.ActiveCfg = Debug|Any CPU
		{509CB0F3-072D-4FC4-9E59-10D1099F90D3}.Debug|Any CPU.Build.0 = Debug|Any CPU
		{509CB0F3-072D-4FC4-9E59-10D1099F90D3}.Release|Any CPU.ActiveCfg = Release|Any CPU
		{509CB0F3-072D-4FC4-9E59-10D1099F90D3}.Release|Any CPU.Build.0 = Release|Any CPU
		{84B7FB5E-8AF6-492E-B7B0-89FEBAB20495}.Debug|Any CPU.ActiveCfg = Debug|Any CPU
		{84B7FB5E-8AF6-492E-B7B0-89FEBAB20495}.Debug|Any CPU.Build.0 = Debug|Any CPU
		{84B7FB5E-8AF6-492E-B7B0-89FEBAB20495}.Release|Any CPU.ActiveCfg = Release|Any CPU
		{84B7FB5E-8AF6-492E-B7B0-89FEBAB20495}.Release|Any CPU.Build.0 = Release|Any CPU
		{85CC1802-9656-47C9-8175-988D6AE619BC}.Debug|Any CPU.ActiveCfg = Debug|Any CPU
		{85CC1802-9656-47C9-8175-988D6AE619BC}.Debug|Any CPU.Build.0 = Debug|Any CPU
		{85CC1802-9656-47C9-8175-988D6AE619BC}.Release|Any CPU.ActiveCfg = Release|Any CPU
		{85CC1802-9656-47C9-8175-988D6AE619BC}.Release|Any CPU.Build.0 = Release|Any CPU
		{A35B6E14-4157-4BF1-A40D-EED44066879C}.Debug|Any CPU.ActiveCfg = Debug|Any CPU
		{A35B6E14-4157-4BF1-A40D-EED44066879C}.Debug|Any CPU.Build.0 = Debug|Any CPU
		{A35B6E14-4157-4BF1-A40D-EED44066879C}.Release|Any CPU.ActiveCfg = Release|Any CPU
		{A35B6E14-4157-4BF1-A40D-EED44066879C}.Release|Any CPU.Build.0 = Release|Any CPU
	EndGlobalSection
EndGlobal
