
Microsoft Visual Studio Solution File, Format Version 12.00
Project("{2150E333-8FDC-42A3-9474-1A3956D46DE8}") = "src", "src", "{BBAACB71-9C7B-47EB-80A1-E7D9DF73F076}"
EndProject
Project("{FAE04EC0-301F-11D3-BF4B-00C04F79EFBC}") = "Lms.Core", "src\Lms.Core\Lms.Core.csproj", "{17D3E946-6069-428A-89EB-63ED642F395B}"
EndProject
Project("{FAE04EC0-301F-11D3-BF4B-00C04F79EFBC}") = "Lms.RegistryCenter.Zookeeper", "src\Lms.RegistryCenter.Zookeeper\Lms.RegistryCenter.Zookeeper.csproj", "{52477F1F-327D-441B-9ED0-BCE759BC3DD2}"
EndProject
Project("{FAE04EC0-301F-11D3-BF4B-00C04F79EFBC}") = "Lms.Rpc.Proxy", "src\Lms.Rpc.Proxy\Lms.Rpc.Proxy.csproj", "{B9E60852-6784-469F-8192-BD5B0FAEDD88}"
EndProject
Project("{FAE04EC0-301F-11D3-BF4B-00C04F79EFBC}") = "Lms.DotNetty.Protocol.Tcp", "src\Lms.DotNetty.Protocol.Tcp\Lms.DotNetty.Protocol.Tcp.csproj", "{509CB0F3-072D-4FC4-9E59-10D1099F90D3}"
EndProject
Project("{FAE04EC0-301F-11D3-BF4B-00C04F79EFBC}") = "Lms.Caching", "src\Lms.Caching\Lms.Caching.csproj", "{84B7FB5E-8AF6-492E-B7B0-89FEBAB20495}"
EndProject
Project("{2150E333-8FDC-42A3-9474-1A3956D46DE8}") = "test", "test", "{0ADAAB32-452C-4B2B-9EF7-BE57131C96F8}"
EndProject
Project("{FAE04EC0-301F-11D3-BF4B-00C04F79EFBC}") = "Lms.Rpc", "src\Lms.Rpc\Lms.Rpc.csproj", "{85CC1802-9656-47C9-8175-988D6AE619BC}"
EndProject
Project("{FAE04EC0-301F-11D3-BF4B-00C04F79EFBC}") = "NormHostDemo", "test\NormHostDemo\NormHostDemo.csproj", "{A35B6E14-4157-4BF1-A40D-EED44066879C}"
EndProject
Project("{FAE04EC0-301F-11D3-BF4B-00C04F79EFBC}") = "LmsTestBase", "test\LmsTestBase\LmsTestBase.csproj", "{E847AD05-A5AE-47A2-A7F6-9FCF3AD32787}"
EndProject
Project("{FAE04EC0-301F-11D3-BF4B-00C04F79EFBC}") = "Lms.TestBase", "src\Lms.TestBase\Lms.TestBase.csproj", "{E63A6BEC-8438-44F2-8071-92E954E1B029}"
EndProject
Project("{FAE04EC0-301F-11D3-BF4B-00C04F79EFBC}") = "Lms.Rpc.Tests", "test\Lms.Rpc.Tests\Lms.Rpc.Tests.csproj", "{C584E1F0-9193-4296-885D-B619AE026150}"
EndProject
Project("{2150E333-8FDC-42A3-9474-1A3956D46DE8}") = "extra", "extra", "{35FAF689-BF55-4CBB-BF3E-C6AB26F9006E}"
EndProject
Project("{FAE04EC0-301F-11D3-BF4B-00C04F79EFBC}") = "Lms.Zookeeper", "extra\Lms.Zookeeper\Lms.Zookeeper.csproj", "{CD96463C-0EEF-4C9A-891A-F6B39D7EDE16}"
EndProject
Project("{FAE04EC0-301F-11D3-BF4B-00C04F79EFBC}") = "ITestApplication", "test\ITestApplication\ITestApplication.csproj", "{598FBFE0-CF02-4293-99C5-318C10CEFD41}"
EndProject
Project("{FAE04EC0-301F-11D3-BF4B-00C04F79EFBC}") = "GatewayDemo", "test\GatewayDemo\GatewayDemo.csproj", "{DC79E441-2703-4090-8D40-3BC1E23FCF85}"
EndProject
Project("{FAE04EC0-301F-11D3-BF4B-00C04F79EFBC}") = "Lms.Swagger", "src\Lms.Swagger\Lms.Swagger.csproj", "{63A9EAC9-60F9-479E-B015-B1B160DDAB37}"
EndProject
Project("{FAE04EC0-301F-11D3-BF4B-00C04F79EFBC}") = "Lms.HttpServer", "src\Lms.HttpServer\Lms.HttpServer.csproj", "{545C0F48-6276-4BC3-B66C-D84C2A65A84C}"
EndProject
Project("{FAE04EC0-301F-11D3-BF4B-00C04F79EFBC}") = "Lms.DotNetty.Abstractions", "src\Lms.DotNetty.Abstractions\Lms.DotNetty.Abstractions.csproj", "{222EB00C-1C22-46E9-91BB-89B8219F1AB4}"
EndProject
Project("{FAE04EC0-301F-11D3-BF4B-00C04F79EFBC}") = "Lms.AutoMapper", "src\Lms.AutoMapper\Lms.AutoMapper.csproj", "{F6F06209-968E-4FE7-98EE-2C25D74367C2}"
EndProject
Project("{FAE04EC0-301F-11D3-BF4B-00C04F79EFBC}") = "Lms.Castle", "src\Lms.Castle\Lms.Castle.csproj", "{D96C901F-546D-4B6B-8981-3E0F9178B286}"
EndProject
Project("{FAE04EC0-301F-11D3-BF4B-00C04F79EFBC}") = "Lms.Codec.MessagePack", "src\Lms.Codec.MessagePack\Lms.Codec.MessagePack.csproj", "{2DE0C2DC-EAA1-46AD-B7BD-26A029F6E24F}"
EndProject
Project("{FAE04EC0-301F-11D3-BF4B-00C04F79EFBC}") = "Lms.Codec.ProtoBuf", "src\Lms.Codec.ProtoBuf\Lms.Codec.ProtoBuf.csproj", "{6D165B91-B522-47B2-82D2-422A647BE79B}"
EndProject
Project("{FAE04EC0-301F-11D3-BF4B-00C04F79EFBC}") = "Lms.Transaction.Tcc", "src\Lms.Transaction.Tcc\Lms.Transaction.Tcc.csproj", "{8619E755-200B-4FB8-A040-706C67B267B6}"
EndProject
Project("{FAE04EC0-301F-11D3-BF4B-00C04F79EFBC}") = "Lms.Lock", "src\Lms.Lock\Lms.Lock.csproj", "{D91D0E87-C160-4F0D-A880-7CA14FD0B0ED}"
EndProject
Project("{FAE04EC0-301F-11D3-BF4B-00C04F79EFBC}") = "IAnotherApplication", "test\IAnotherApplication\IAnotherApplication.csproj", "{4C0493DB-AC99-4189-BAFB-93EC82DD46D8}"
EndProject
Project("{FAE04EC0-301F-11D3-BF4B-00C04F79EFBC}") = "AnotherHostDemo", "test\AnotherHostDemo\AnotherHostDemo.csproj", "{B076C910-08A0-4820-BC34-CA936E980077}"
EndProject
Project("{FAE04EC0-301F-11D3-BF4B-00C04F79EFBC}") = "Lms.Caching.StackExchangeRedis", "src\Lms.Caching.StackExchangeRedis\Lms.Caching.StackExchangeRedis.csproj", "{239843BB-C84C-4AF0-BAA0-01323991EA21}"
EndProject
Project("{FAE04EC0-301F-11D3-BF4B-00C04F79EFBC}") = "Lms.NormHost", "src\Lms.NormHost\Lms.NormHost.csproj", "{ABAE7444-271F-489D-884D-3FB8E84B2973}"
EndProject
Project("{FAE04EC0-301F-11D3-BF4B-00C04F79EFBC}") = "Lms.WebHost", "src\Lms.WebHost\Lms.WebHost.csproj", "{D1E4CCCB-6590-4D5F-B040-94409DCAD6C2}"
EndProject
Project("{FAE04EC0-301F-11D3-BF4B-00C04F79EFBC}") = "Lms.Transaction", "src\Lms.Transaction\Lms.Transaction.csproj", "{ADB99941-DCF4-454E-A8DD-72DCE3B794DF}"
EndProject
Project("{FAE04EC0-301F-11D3-BF4B-00C04F79EFBC}") = "Lms.DotNetty.Protocol.Ws", "src\Lms.DotNetty.Protocol.Ws\Lms.DotNetty.Protocol.Ws.csproj", "{BD0781E8-D63C-4C3D-80A3-5D6A9CA11ABB}"
EndProject
Project("{FAE04EC0-301F-11D3-BF4B-00C04F79EFBC}") = "Lms.WebSocketServer", "src\Lms.WebSocketServer\Lms.WebSocketServer.csproj", "{6E1539AE-66FE-4407-BC90-2CC5F075EB90}"
EndProject
Global
	GlobalSection(SolutionConfigurationPlatforms) = preSolution
		Debug|Any CPU = Debug|Any CPU
		Release|Any CPU = Release|Any CPU
	EndGlobalSection
	GlobalSection(NestedProjects) = preSolution
		{17D3E946-6069-428A-89EB-63ED642F395B} = {BBAACB71-9C7B-47EB-80A1-E7D9DF73F076}
		{52477F1F-327D-441B-9ED0-BCE759BC3DD2} = {BBAACB71-9C7B-47EB-80A1-E7D9DF73F076}
		{B9E60852-6784-469F-8192-BD5B0FAEDD88} = {BBAACB71-9C7B-47EB-80A1-E7D9DF73F076}
		{509CB0F3-072D-4FC4-9E59-10D1099F90D3} = {BBAACB71-9C7B-47EB-80A1-E7D9DF73F076}
		{84B7FB5E-8AF6-492E-B7B0-89FEBAB20495} = {BBAACB71-9C7B-47EB-80A1-E7D9DF73F076}
		{85CC1802-9656-47C9-8175-988D6AE619BC} = {BBAACB71-9C7B-47EB-80A1-E7D9DF73F076}
		{A35B6E14-4157-4BF1-A40D-EED44066879C} = {0ADAAB32-452C-4B2B-9EF7-BE57131C96F8}
		{E847AD05-A5AE-47A2-A7F6-9FCF3AD32787} = {0ADAAB32-452C-4B2B-9EF7-BE57131C96F8}
		{E63A6BEC-8438-44F2-8071-92E954E1B029} = {BBAACB71-9C7B-47EB-80A1-E7D9DF73F076}
		{C584E1F0-9193-4296-885D-B619AE026150} = {0ADAAB32-452C-4B2B-9EF7-BE57131C96F8}
		{CD96463C-0EEF-4C9A-891A-F6B39D7EDE16} = {35FAF689-BF55-4CBB-BF3E-C6AB26F9006E}
		{598FBFE0-CF02-4293-99C5-318C10CEFD41} = {0ADAAB32-452C-4B2B-9EF7-BE57131C96F8}
		{DC79E441-2703-4090-8D40-3BC1E23FCF85} = {0ADAAB32-452C-4B2B-9EF7-BE57131C96F8}
		{63A9EAC9-60F9-479E-B015-B1B160DDAB37} = {BBAACB71-9C7B-47EB-80A1-E7D9DF73F076}
		{545C0F48-6276-4BC3-B66C-D84C2A65A84C} = {BBAACB71-9C7B-47EB-80A1-E7D9DF73F076}
		{222EB00C-1C22-46E9-91BB-89B8219F1AB4} = {BBAACB71-9C7B-47EB-80A1-E7D9DF73F076}
		{F6F06209-968E-4FE7-98EE-2C25D74367C2} = {BBAACB71-9C7B-47EB-80A1-E7D9DF73F076}
		{D96C901F-546D-4B6B-8981-3E0F9178B286} = {BBAACB71-9C7B-47EB-80A1-E7D9DF73F076}
		{2DE0C2DC-EAA1-46AD-B7BD-26A029F6E24F} = {BBAACB71-9C7B-47EB-80A1-E7D9DF73F076}
		{6D165B91-B522-47B2-82D2-422A647BE79B} = {BBAACB71-9C7B-47EB-80A1-E7D9DF73F076}
		{8619E755-200B-4FB8-A040-706C67B267B6} = {BBAACB71-9C7B-47EB-80A1-E7D9DF73F076}
		{D91D0E87-C160-4F0D-A880-7CA14FD0B0ED} = {BBAACB71-9C7B-47EB-80A1-E7D9DF73F076}
		{4C0493DB-AC99-4189-BAFB-93EC82DD46D8} = {0ADAAB32-452C-4B2B-9EF7-BE57131C96F8}
		{B076C910-08A0-4820-BC34-CA936E980077} = {0ADAAB32-452C-4B2B-9EF7-BE57131C96F8}
		{239843BB-C84C-4AF0-BAA0-01323991EA21} = {BBAACB71-9C7B-47EB-80A1-E7D9DF73F076}
		{ABAE7444-271F-489D-884D-3FB8E84B2973} = {BBAACB71-9C7B-47EB-80A1-E7D9DF73F076}
		{D1E4CCCB-6590-4D5F-B040-94409DCAD6C2} = {BBAACB71-9C7B-47EB-80A1-E7D9DF73F076}
		{ADB99941-DCF4-454E-A8DD-72DCE3B794DF} = {BBAACB71-9C7B-47EB-80A1-E7D9DF73F076}
		{BD0781E8-D63C-4C3D-80A3-5D6A9CA11ABB} = {BBAACB71-9C7B-47EB-80A1-E7D9DF73F076}
		{6E1539AE-66FE-4407-BC90-2CC5F075EB90} = {BBAACB71-9C7B-47EB-80A1-E7D9DF73F076}
	EndGlobalSection
	GlobalSection(ProjectConfigurationPlatforms) = postSolution
		{17D3E946-6069-428A-89EB-63ED642F395B}.Debug|Any CPU.ActiveCfg = Debug|Any CPU
		{17D3E946-6069-428A-89EB-63ED642F395B}.Debug|Any CPU.Build.0 = Debug|Any CPU
		{17D3E946-6069-428A-89EB-63ED642F395B}.Release|Any CPU.ActiveCfg = Release|Any CPU
		{17D3E946-6069-428A-89EB-63ED642F395B}.Release|Any CPU.Build.0 = Release|Any CPU
		{52477F1F-327D-441B-9ED0-BCE759BC3DD2}.Debug|Any CPU.ActiveCfg = Debug|Any CPU
		{52477F1F-327D-441B-9ED0-BCE759BC3DD2}.Debug|Any CPU.Build.0 = Debug|Any CPU
		{52477F1F-327D-441B-9ED0-BCE759BC3DD2}.Release|Any CPU.ActiveCfg = Release|Any CPU
		{52477F1F-327D-441B-9ED0-BCE759BC3DD2}.Release|Any CPU.Build.0 = Release|Any CPU
		{B9E60852-6784-469F-8192-BD5B0FAEDD88}.Debug|Any CPU.ActiveCfg = Debug|Any CPU
		{B9E60852-6784-469F-8192-BD5B0FAEDD88}.Debug|Any CPU.Build.0 = Debug|Any CPU
		{B9E60852-6784-469F-8192-BD5B0FAEDD88}.Release|Any CPU.ActiveCfg = Release|Any CPU
		{B9E60852-6784-469F-8192-BD5B0FAEDD88}.Release|Any CPU.Build.0 = Release|Any CPU
		{509CB0F3-072D-4FC4-9E59-10D1099F90D3}.Debug|Any CPU.ActiveCfg = Debug|Any CPU
		{509CB0F3-072D-4FC4-9E59-10D1099F90D3}.Debug|Any CPU.Build.0 = Debug|Any CPU
		{509CB0F3-072D-4FC4-9E59-10D1099F90D3}.Release|Any CPU.ActiveCfg = Release|Any CPU
		{509CB0F3-072D-4FC4-9E59-10D1099F90D3}.Release|Any CPU.Build.0 = Release|Any CPU
		{84B7FB5E-8AF6-492E-B7B0-89FEBAB20495}.Debug|Any CPU.ActiveCfg = Debug|Any CPU
		{84B7FB5E-8AF6-492E-B7B0-89FEBAB20495}.Debug|Any CPU.Build.0 = Debug|Any CPU
		{84B7FB5E-8AF6-492E-B7B0-89FEBAB20495}.Release|Any CPU.ActiveCfg = Release|Any CPU
		{84B7FB5E-8AF6-492E-B7B0-89FEBAB20495}.Release|Any CPU.Build.0 = Release|Any CPU
		{85CC1802-9656-47C9-8175-988D6AE619BC}.Debug|Any CPU.ActiveCfg = Debug|Any CPU
		{85CC1802-9656-47C9-8175-988D6AE619BC}.Debug|Any CPU.Build.0 = Debug|Any CPU
		{85CC1802-9656-47C9-8175-988D6AE619BC}.Release|Any CPU.ActiveCfg = Release|Any CPU
		{85CC1802-9656-47C9-8175-988D6AE619BC}.Release|Any CPU.Build.0 = Release|Any CPU
		{A35B6E14-4157-4BF1-A40D-EED44066879C}.Debug|Any CPU.ActiveCfg = Debug|Any CPU
		{A35B6E14-4157-4BF1-A40D-EED44066879C}.Debug|Any CPU.Build.0 = Debug|Any CPU
		{A35B6E14-4157-4BF1-A40D-EED44066879C}.Release|Any CPU.ActiveCfg = Release|Any CPU
		{A35B6E14-4157-4BF1-A40D-EED44066879C}.Release|Any CPU.Build.0 = Release|Any CPU
		{E847AD05-A5AE-47A2-A7F6-9FCF3AD32787}.Debug|Any CPU.ActiveCfg = Debug|Any CPU
		{E847AD05-A5AE-47A2-A7F6-9FCF3AD32787}.Debug|Any CPU.Build.0 = Debug|Any CPU
		{E847AD05-A5AE-47A2-A7F6-9FCF3AD32787}.Release|Any CPU.ActiveCfg = Release|Any CPU
		{E847AD05-A5AE-47A2-A7F6-9FCF3AD32787}.Release|Any CPU.Build.0 = Release|Any CPU
		{E63A6BEC-8438-44F2-8071-92E954E1B029}.Debug|Any CPU.ActiveCfg = Debug|Any CPU
		{E63A6BEC-8438-44F2-8071-92E954E1B029}.Debug|Any CPU.Build.0 = Debug|Any CPU
		{E63A6BEC-8438-44F2-8071-92E954E1B029}.Release|Any CPU.ActiveCfg = Release|Any CPU
		{E63A6BEC-8438-44F2-8071-92E954E1B029}.Release|Any CPU.Build.0 = Release|Any CPU
		{C584E1F0-9193-4296-885D-B619AE026150}.Debug|Any CPU.ActiveCfg = Debug|Any CPU
		{C584E1F0-9193-4296-885D-B619AE026150}.Debug|Any CPU.Build.0 = Debug|Any CPU
		{C584E1F0-9193-4296-885D-B619AE026150}.Release|Any CPU.ActiveCfg = Release|Any CPU
		{C584E1F0-9193-4296-885D-B619AE026150}.Release|Any CPU.Build.0 = Release|Any CPU
		{CD96463C-0EEF-4C9A-891A-F6B39D7EDE16}.Debug|Any CPU.ActiveCfg = Debug|Any CPU
		{CD96463C-0EEF-4C9A-891A-F6B39D7EDE16}.Debug|Any CPU.Build.0 = Debug|Any CPU
		{CD96463C-0EEF-4C9A-891A-F6B39D7EDE16}.Release|Any CPU.ActiveCfg = Release|Any CPU
		{CD96463C-0EEF-4C9A-891A-F6B39D7EDE16}.Release|Any CPU.Build.0 = Release|Any CPU
		{598FBFE0-CF02-4293-99C5-318C10CEFD41}.Debug|Any CPU.ActiveCfg = Debug|Any CPU
		{598FBFE0-CF02-4293-99C5-318C10CEFD41}.Debug|Any CPU.Build.0 = Debug|Any CPU
		{598FBFE0-CF02-4293-99C5-318C10CEFD41}.Release|Any CPU.ActiveCfg = Release|Any CPU
		{598FBFE0-CF02-4293-99C5-318C10CEFD41}.Release|Any CPU.Build.0 = Release|Any CPU
		{DC79E441-2703-4090-8D40-3BC1E23FCF85}.Debug|Any CPU.ActiveCfg = Debug|Any CPU
		{DC79E441-2703-4090-8D40-3BC1E23FCF85}.Debug|Any CPU.Build.0 = Debug|Any CPU
		{DC79E441-2703-4090-8D40-3BC1E23FCF85}.Release|Any CPU.ActiveCfg = Release|Any CPU
		{DC79E441-2703-4090-8D40-3BC1E23FCF85}.Release|Any CPU.Build.0 = Release|Any CPU
		{63A9EAC9-60F9-479E-B015-B1B160DDAB37}.Debug|Any CPU.ActiveCfg = Debug|Any CPU
		{63A9EAC9-60F9-479E-B015-B1B160DDAB37}.Debug|Any CPU.Build.0 = Debug|Any CPU
		{63A9EAC9-60F9-479E-B015-B1B160DDAB37}.Release|Any CPU.ActiveCfg = Release|Any CPU
		{63A9EAC9-60F9-479E-B015-B1B160DDAB37}.Release|Any CPU.Build.0 = Release|Any CPU
		{545C0F48-6276-4BC3-B66C-D84C2A65A84C}.Debug|Any CPU.ActiveCfg = Debug|Any CPU
		{545C0F48-6276-4BC3-B66C-D84C2A65A84C}.Debug|Any CPU.Build.0 = Debug|Any CPU
		{545C0F48-6276-4BC3-B66C-D84C2A65A84C}.Release|Any CPU.ActiveCfg = Release|Any CPU
		{545C0F48-6276-4BC3-B66C-D84C2A65A84C}.Release|Any CPU.Build.0 = Release|Any CPU
		{222EB00C-1C22-46E9-91BB-89B8219F1AB4}.Debug|Any CPU.ActiveCfg = Debug|Any CPU
		{222EB00C-1C22-46E9-91BB-89B8219F1AB4}.Debug|Any CPU.Build.0 = Debug|Any CPU
		{222EB00C-1C22-46E9-91BB-89B8219F1AB4}.Release|Any CPU.ActiveCfg = Release|Any CPU
		{222EB00C-1C22-46E9-91BB-89B8219F1AB4}.Release|Any CPU.Build.0 = Release|Any CPU
		{F6F06209-968E-4FE7-98EE-2C25D74367C2}.Debug|Any CPU.ActiveCfg = Debug|Any CPU
		{F6F06209-968E-4FE7-98EE-2C25D74367C2}.Debug|Any CPU.Build.0 = Debug|Any CPU
		{F6F06209-968E-4FE7-98EE-2C25D74367C2}.Release|Any CPU.ActiveCfg = Release|Any CPU
		{F6F06209-968E-4FE7-98EE-2C25D74367C2}.Release|Any CPU.Build.0 = Release|Any CPU
		{D96C901F-546D-4B6B-8981-3E0F9178B286}.Debug|Any CPU.ActiveCfg = Debug|Any CPU
		{D96C901F-546D-4B6B-8981-3E0F9178B286}.Debug|Any CPU.Build.0 = Debug|Any CPU
		{D96C901F-546D-4B6B-8981-3E0F9178B286}.Release|Any CPU.ActiveCfg = Release|Any CPU
		{D96C901F-546D-4B6B-8981-3E0F9178B286}.Release|Any CPU.Build.0 = Release|Any CPU
		{2DE0C2DC-EAA1-46AD-B7BD-26A029F6E24F}.Debug|Any CPU.ActiveCfg = Debug|Any CPU
		{2DE0C2DC-EAA1-46AD-B7BD-26A029F6E24F}.Debug|Any CPU.Build.0 = Debug|Any CPU
		{2DE0C2DC-EAA1-46AD-B7BD-26A029F6E24F}.Release|Any CPU.ActiveCfg = Release|Any CPU
		{2DE0C2DC-EAA1-46AD-B7BD-26A029F6E24F}.Release|Any CPU.Build.0 = Release|Any CPU
		{6D165B91-B522-47B2-82D2-422A647BE79B}.Debug|Any CPU.ActiveCfg = Debug|Any CPU
		{6D165B91-B522-47B2-82D2-422A647BE79B}.Debug|Any CPU.Build.0 = Debug|Any CPU
		{6D165B91-B522-47B2-82D2-422A647BE79B}.Release|Any CPU.ActiveCfg = Release|Any CPU
		{6D165B91-B522-47B2-82D2-422A647BE79B}.Release|Any CPU.Build.0 = Release|Any CPU
		{8619E755-200B-4FB8-A040-706C67B267B6}.Debug|Any CPU.ActiveCfg = Debug|Any CPU
		{8619E755-200B-4FB8-A040-706C67B267B6}.Debug|Any CPU.Build.0 = Debug|Any CPU
		{8619E755-200B-4FB8-A040-706C67B267B6}.Release|Any CPU.ActiveCfg = Release|Any CPU
		{8619E755-200B-4FB8-A040-706C67B267B6}.Release|Any CPU.Build.0 = Release|Any CPU
		{D91D0E87-C160-4F0D-A880-7CA14FD0B0ED}.Debug|Any CPU.ActiveCfg = Debug|Any CPU
		{D91D0E87-C160-4F0D-A880-7CA14FD0B0ED}.Debug|Any CPU.Build.0 = Debug|Any CPU
		{D91D0E87-C160-4F0D-A880-7CA14FD0B0ED}.Release|Any CPU.ActiveCfg = Release|Any CPU
		{D91D0E87-C160-4F0D-A880-7CA14FD0B0ED}.Release|Any CPU.Build.0 = Release|Any CPU
		{4C0493DB-AC99-4189-BAFB-93EC82DD46D8}.Debug|Any CPU.ActiveCfg = Debug|Any CPU
		{4C0493DB-AC99-4189-BAFB-93EC82DD46D8}.Debug|Any CPU.Build.0 = Debug|Any CPU
		{4C0493DB-AC99-4189-BAFB-93EC82DD46D8}.Release|Any CPU.ActiveCfg = Release|Any CPU
		{4C0493DB-AC99-4189-BAFB-93EC82DD46D8}.Release|Any CPU.Build.0 = Release|Any CPU
		{B076C910-08A0-4820-BC34-CA936E980077}.Debug|Any CPU.ActiveCfg = Debug|Any CPU
		{B076C910-08A0-4820-BC34-CA936E980077}.Debug|Any CPU.Build.0 = Debug|Any CPU
		{B076C910-08A0-4820-BC34-CA936E980077}.Release|Any CPU.ActiveCfg = Release|Any CPU
		{B076C910-08A0-4820-BC34-CA936E980077}.Release|Any CPU.Build.0 = Release|Any CPU
		{239843BB-C84C-4AF0-BAA0-01323991EA21}.Debug|Any CPU.ActiveCfg = Debug|Any CPU
		{239843BB-C84C-4AF0-BAA0-01323991EA21}.Debug|Any CPU.Build.0 = Debug|Any CPU
		{239843BB-C84C-4AF0-BAA0-01323991EA21}.Release|Any CPU.ActiveCfg = Release|Any CPU
		{239843BB-C84C-4AF0-BAA0-01323991EA21}.Release|Any CPU.Build.0 = Release|Any CPU
		{ABAE7444-271F-489D-884D-3FB8E84B2973}.Debug|Any CPU.ActiveCfg = Debug|Any CPU
		{ABAE7444-271F-489D-884D-3FB8E84B2973}.Debug|Any CPU.Build.0 = Debug|Any CPU
		{ABAE7444-271F-489D-884D-3FB8E84B2973}.Release|Any CPU.ActiveCfg = Release|Any CPU
		{ABAE7444-271F-489D-884D-3FB8E84B2973}.Release|Any CPU.Build.0 = Release|Any CPU
		{D1E4CCCB-6590-4D5F-B040-94409DCAD6C2}.Debug|Any CPU.ActiveCfg = Debug|Any CPU
		{D1E4CCCB-6590-4D5F-B040-94409DCAD6C2}.Debug|Any CPU.Build.0 = Debug|Any CPU
		{D1E4CCCB-6590-4D5F-B040-94409DCAD6C2}.Release|Any CPU.ActiveCfg = Release|Any CPU
		{D1E4CCCB-6590-4D5F-B040-94409DCAD6C2}.Release|Any CPU.Build.0 = Release|Any CPU
		{ADB99941-DCF4-454E-A8DD-72DCE3B794DF}.Debug|Any CPU.ActiveCfg = Debug|Any CPU
		{ADB99941-DCF4-454E-A8DD-72DCE3B794DF}.Debug|Any CPU.Build.0 = Debug|Any CPU
		{ADB99941-DCF4-454E-A8DD-72DCE3B794DF}.Release|Any CPU.ActiveCfg = Release|Any CPU
		{ADB99941-DCF4-454E-A8DD-72DCE3B794DF}.Release|Any CPU.Build.0 = Release|Any CPU
		{BD0781E8-D63C-4C3D-80A3-5D6A9CA11ABB}.Debug|Any CPU.ActiveCfg = Debug|Any CPU
		{BD0781E8-D63C-4C3D-80A3-5D6A9CA11ABB}.Debug|Any CPU.Build.0 = Debug|Any CPU
		{BD0781E8-D63C-4C3D-80A3-5D6A9CA11ABB}.Release|Any CPU.ActiveCfg = Release|Any CPU
		{BD0781E8-D63C-4C3D-80A3-5D6A9CA11ABB}.Release|Any CPU.Build.0 = Release|Any CPU
		{6E1539AE-66FE-4407-BC90-2CC5F075EB90}.Debug|Any CPU.ActiveCfg = Debug|Any CPU
		{6E1539AE-66FE-4407-BC90-2CC5F075EB90}.Debug|Any CPU.Build.0 = Debug|Any CPU
		{6E1539AE-66FE-4407-BC90-2CC5F075EB90}.Release|Any CPU.ActiveCfg = Release|Any CPU
		{6E1539AE-66FE-4407-BC90-2CC5F075EB90}.Release|Any CPU.Build.0 = Release|Any CPU
	EndGlobalSection
EndGlobal
