
Microsoft Visual Studio Solution File, Format Version 12.00
# Visual Studio Version 17
VisualStudioVersion = 17.0.31815.197
MinimumVisualStudioVersion = 10.0.40219.1
Project("{2150E333-8FDC-42A3-9474-1A3956D46DE8}") = "src", "src", "{BBAACB71-9C7B-47EB-80A1-E7D9DF73F076}"
EndProject
Project("{9A19103F-16F7-4668-BE54-9A1E7A4F7556}") = "Silky.Core", "src\Silky.Core\Silky.Core.csproj", "{17D3E946-6069-428A-89EB-63ED642F395B}"
EndProject
Project("{9A19103F-16F7-4668-BE54-9A1E7A4F7556}") = "Silky.RegistryCenter.Zookeeper", "src\Silky.RegistryCenter.Zookeeper\Silky.RegistryCenter.Zookeeper.csproj", "{52477F1F-327D-441B-9ED0-BCE759BC3DD2}"
EndProject
Project("{9A19103F-16F7-4668-BE54-9A1E7A4F7556}") = "Silky.Rpc.Proxy", "src\Silky.Rpc.Proxy\Silky.Rpc.Proxy.csproj", "{B9E60852-6784-469F-8192-BD5B0FAEDD88}"
EndProject
Project("{9A19103F-16F7-4668-BE54-9A1E7A4F7556}") = "Silky.DotNetty.Protocol.Tcp", "src\Silky.DotNetty.Protocol.Tcp\Silky.DotNetty.Protocol.Tcp.csproj", "{509CB0F3-072D-4FC4-9E59-10D1099F90D3}"
EndProject
Project("{9A19103F-16F7-4668-BE54-9A1E7A4F7556}") = "Silky.Caching", "src\Silky.Caching\Silky.Caching.csproj", "{84B7FB5E-8AF6-492E-B7B0-89FEBAB20495}"
EndProject
Project("{2150E333-8FDC-42A3-9474-1A3956D46DE8}") = "test", "test", "{0ADAAB32-452C-4B2B-9EF7-BE57131C96F8}"
EndProject
Project("{9A19103F-16F7-4668-BE54-9A1E7A4F7556}") = "Silky.Rpc", "src\Silky.Rpc\Silky.Rpc.csproj", "{85CC1802-9656-47C9-8175-988D6AE619BC}"
EndProject
Project("{9A19103F-16F7-4668-BE54-9A1E7A4F7556}") = "NormHostDemo", "test\NormHostDemo\NormHostDemo.csproj", "{A35B6E14-4157-4BF1-A40D-EED44066879C}"
EndProject
Project("{9A19103F-16F7-4668-BE54-9A1E7A4F7556}") = "Silky.TestBase", "src\Silky.TestBase\Silky.TestBase.csproj", "{E63A6BEC-8438-44F2-8071-92E954E1B029}"
EndProject
Project("{9A19103F-16F7-4668-BE54-9A1E7A4F7556}") = "ITestApplication", "test\ITestApplication\ITestApplication.csproj", "{598FBFE0-CF02-4293-99C5-318C10CEFD41}"
EndProject
Project("{9A19103F-16F7-4668-BE54-9A1E7A4F7556}") = "GatewayDemo", "test\GatewayDemo\GatewayDemo.csproj", "{DC79E441-2703-4090-8D40-3BC1E23FCF85}"
EndProject
Project("{9A19103F-16F7-4668-BE54-9A1E7A4F7556}") = "Silky.Swagger.Abstraction", "src\Silky.Swagger.Abstraction\Silky.Swagger.Abstraction.csproj", "{63A9EAC9-60F9-479E-B015-B1B160DDAB37}"
EndProject
Project("{9A19103F-16F7-4668-BE54-9A1E7A4F7556}") = "Silky.Http.Core", "src\Silky.Http.Core\Silky.Http.Core.csproj", "{545C0F48-6276-4BC3-B66C-D84C2A65A84C}"
EndProject
Project("{9A19103F-16F7-4668-BE54-9A1E7A4F7556}") = "Silky.DotNetty.Abstraction", "src\Silky.DotNetty.Abstraction\Silky.DotNetty.Abstraction.csproj", "{222EB00C-1C22-46E9-91BB-89B8219F1AB4}"
EndProject
Project("{9A19103F-16F7-4668-BE54-9A1E7A4F7556}") = "Silky.ObjectMapper.AutoMapper", "src\Silky.ObjectMapper.AutoMapper\Silky.ObjectMapper.AutoMapper.csproj", "{F6F06209-968E-4FE7-98EE-2C25D74367C2}"
EndProject
Project("{9A19103F-16F7-4668-BE54-9A1E7A4F7556}") = "Silky.Castle", "src\Silky.Castle\Silky.Castle.csproj", "{D96C901F-546D-4B6B-8981-3E0F9178B286}"
EndProject
Project("{9A19103F-16F7-4668-BE54-9A1E7A4F7556}") = "Silky.Transaction.Tcc", "src\Silky.Transaction.Tcc\Silky.Transaction.Tcc.csproj", "{8619E755-200B-4FB8-A040-706C67B267B6}"
EndProject
Project("{9A19103F-16F7-4668-BE54-9A1E7A4F7556}") = "IAnotherApplication", "test\IAnotherApplication\IAnotherApplication.csproj", "{4C0493DB-AC99-4189-BAFB-93EC82DD46D8}"
EndProject
Project("{9A19103F-16F7-4668-BE54-9A1E7A4F7556}") = "AnotherHostDemo", "test\AnotherHostDemo\AnotherHostDemo.csproj", "{B076C910-08A0-4820-BC34-CA936E980077}"
EndProject
Project("{9A19103F-16F7-4668-BE54-9A1E7A4F7556}") = "Silky.Caching.StackExchangeRedis", "src\Silky.Caching.StackExchangeRedis\Silky.Caching.StackExchangeRedis.csproj", "{239843BB-C84C-4AF0-BAA0-01323991EA21}"
EndProject
Project("{9A19103F-16F7-4668-BE54-9A1E7A4F7556}") = "Silky.Agent.Host", "src\Silky.Agent.Host\Silky.Agent.Host.csproj", "{D1E4CCCB-6590-4D5F-B040-94409DCAD6C2}"
EndProject
Project("{9A19103F-16F7-4668-BE54-9A1E7A4F7556}") = "Silky.Transaction", "src\Silky.Transaction\Silky.Transaction.csproj", "{ADB99941-DCF4-454E-A8DD-72DCE3B794DF}"
EndProject
Project("{9A19103F-16F7-4668-BE54-9A1E7A4F7556}") = "Silky.WebSocket", "src\Silky.WebSocket\Silky.WebSocket.csproj", "{CEB2FCF0-EC12-4088-A7D9-273A7020A0B0}"
EndProject
Project("{9A19103F-16F7-4668-BE54-9A1E7A4F7556}") = "Silky.Validation", "src\Silky.Validation\Silky.Validation.csproj", "{EC8416FD-70D8-4BE4-9DCD-024CBB59401A}"
EndProject
Project("{9A19103F-16F7-4668-BE54-9A1E7A4F7556}") = "Silky.Validation.Fluent", "src\Silky.Validation.Fluent\Silky.Validation.Fluent.csproj", "{D786F374-7E72-4BFD-9F42-5FAB79FC6A44}"
EndProject
Project("{9A19103F-16F7-4668-BE54-9A1E7A4F7556}") = "Silky.EntityFrameworkCore", "src\Silky.EntityFrameworkCore\Silky.EntityFrameworkCore.csproj", "{66CEFE14-CE38-4686-9BBA-E3153DBCFB3B}"
EndProject
Project("{9A19103F-16F7-4668-BE54-9A1E7A4F7556}") = "Silky.SkyApm.Diagnostics.Rpc", "src\Silky.SkyApm.Diagnostics.Rpc\Silky.SkyApm.Diagnostics.Rpc.csproj", "{21EE5C17-9D9B-496B-9C58-EA46DD707481}"
EndProject
Project("{9A19103F-16F7-4668-BE54-9A1E7A4F7556}") = "Silky.Zookeeper", "src\Silky.Zookeeper\Silky.Zookeeper.csproj", "{B730C43A-E13D-4F74-B63E-5270143A033E}"
EndProject
Project("{9A19103F-16F7-4668-BE54-9A1E7A4F7556}") = "Silky.Rpc.Tests", "test\Silky.Rpc.Tests\Silky.Rpc.Tests.csproj", "{77EE115C-9584-431C-AE06-DE2EE7F81F1D}"
EndProject
Project("{9A19103F-16F7-4668-BE54-9A1E7A4F7556}") = "SilkyTestBase", "test\SilkyTestBase\SilkyTestBase.csproj", "{DD21342C-871C-4FF2-9FCB-03C189E32B58}"
EndProject
Project("{9A19103F-16F7-4668-BE54-9A1E7A4F7556}") = "Silky.Transaction.Abstraction", "src\Silky.Transaction.Abstraction\Silky.Transaction.Abstraction.csproj", "{737612EA-3E7F-4A45-99B0-BF95079D3C4B}"
EndProject
Project("{9A19103F-16F7-4668-BE54-9A1E7A4F7556}") = "Silky.Transaction.Repository.Redis", "src\Silky.Transaction.Repository.Redis\Silky.Transaction.Repository.Redis.csproj", "{0A8C5303-B3A3-4432-90CC-060509187DD9}"
EndProject
Project("{9A19103F-16F7-4668-BE54-9A1E7A4F7556}") = "Silky.SkyApm.Agent", "src\Silky.SkyApm.Agent\Silky.SkyApm.Agent.csproj", "{36EA323F-3B5A-43C2-87B9-0ECA78732729}"
EndProject
Project("{9A19103F-16F7-4668-BE54-9A1E7A4F7556}") = "Silky.Http.MiniProfiler", "src\Silky.Http.MiniProfiler\Silky.Http.MiniProfiler.csproj", "{BAC61EC8-1110-477A-8E7E-08F617A3B50B}"
EndProject
Project("{9A19103F-16F7-4668-BE54-9A1E7A4F7556}") = "Silky.ObjectMapper.Mapster", "src\Silky.ObjectMapper.Mapster\Silky.ObjectMapper.Mapster.csproj", "{5435EAA5-94BC-49F1-980C-7C4FA9F8B712}"
EndProject
Project("{9A19103F-16F7-4668-BE54-9A1E7A4F7556}") = "Silky.Logging.Serilog", "src\Silky.Logging.Serilog\Silky.Logging.Serilog.csproj", "{BE7E4C0D-571D-4681-964B-F13031139E65}"
EndProject
Project("{9A19103F-16F7-4668-BE54-9A1E7A4F7556}") = "Silky.Jwt", "src\Silky.Jwt\Silky.Jwt.csproj", "{F0A600C3-BE40-4667-9D5B-D78DD86B23A0}"
EndProject
Project("{9A19103F-16F7-4668-BE54-9A1E7A4F7556}") = "Silky.Http.Identity", "src\Silky.Http.Identity\Silky.Http.Identity.csproj", "{776723B1-78E7-4E1C-9E58-46D0835BA758}"
EndProject
Project("{9A19103F-16F7-4668-BE54-9A1E7A4F7556}") = "Silky.Lock", "src\Silky.Lock\Silky.Lock.csproj", "{50F74DB9-A894-4EB6-8E69-66C6C51A53AF}"
EndProject
Project("{9A19103F-16F7-4668-BE54-9A1E7A4F7556}") = "Silky.Http.Swagger", "src\Silky.Http.Swagger\Silky.Http.Swagger.csproj", "{EF191FA7-8DA0-4ED9-95B5-4508C0F4A1D8}"
EndProject
Project("{9A19103F-16F7-4668-BE54-9A1E7A4F7556}") = "Silky.Http.CorsAccessor", "src\Silky.Http.CorsAccessor\Silky.Http.CorsAccessor.csproj", "{5211E971-CAFC-4982-9BCA-9938A2E9EA58}"
EndProject
Project("{9A19103F-16F7-4668-BE54-9A1E7A4F7556}") = "Silky.SkyApm.Diagnostics.Abstraction", "src\Silky.SkyApm.Diagnostics.Abstraction\Silky.SkyApm.Diagnostics.Abstraction.csproj", "{C3452279-7069-442B-9458-7AE642B3DA1B}"
EndProject
Project("{9A19103F-16F7-4668-BE54-9A1E7A4F7556}") = "Silky.SkyApm.Diagnostics.Transaction", "src\Silky.SkyApm.Diagnostics.Transaction\Silky.SkyApm.Diagnostics.Transaction.csproj", "{7FF90290-943C-4423-81D1-A15CE322DCF1}"
EndProject
Project("{9A19103F-16F7-4668-BE54-9A1E7A4F7556}") = "Silky.Rpc.CachingInterceptor", "src\Silky.Rpc.CachingInterceptor\Silky.Rpc.CachingInterceptor.csproj", "{A4F5F364-0083-4827-B616-882538DDD50F}"
EndProject
Project("{9A19103F-16F7-4668-BE54-9A1E7A4F7556}") = "Silky.Http.RateLimit", "src\Silky.Http.RateLimit\Silky.Http.RateLimit.csproj", "{DAC11C0A-15DD-4D66-AE65-C2050122C03C}"
EndProject
Project("{9A19103F-16F7-4668-BE54-9A1E7A4F7556}") = "Silky.RegistryCenter.Nacos", "src\Silky.RegistryCenter.Nacos\Silky.RegistryCenter.Nacos.csproj", "{A11EDE77-EC83-4BD8-B2DB-85041010D61A}"
EndProject
Project("{9A19103F-16F7-4668-BE54-9A1E7A4F7556}") = "Silky.RegistryCenter.Consul", "src\Silky.RegistryCenter.Consul\Silky.RegistryCenter.Consul.csproj", "{BC4CCA97-1FBC-43D7-B3A2-4E4FBDA9AC38}"
EndProject
Project("{9A19103F-16F7-4668-BE54-9A1E7A4F7556}") = "Silky.Http.Dashboard", "src\Silky.Http.Dashboard\Silky.Http.Dashboard.csproj", "{CCABF454-456D-4800-ABED-865ED0A0B9C5}"
EndProject
Project("{9A19103F-16F7-4668-BE54-9A1E7A4F7556}") = "Silky.Rpc.Monitor", "src\Silky.Rpc.Monitor\Silky.Rpc.Monitor.csproj", "{A9CE020D-E1BC-47DE-893D-1D96E52A7DA3}"
EndProject
Project("{9A19103F-16F7-4668-BE54-9A1E7A4F7556}") = "Silky.HealthChecks.Rpc", "src\Silky.HealthChecks.Rpc\Silky.HealthChecks.Rpc.csproj", "{7F1393A4-F5F6-4575-9386-00E3D0FF265A}"
EndProject
Project("{9A19103F-16F7-4668-BE54-9A1E7A4F7556}") = "Silky.Rpc.AppService", "src\Silky.Rpc.AppService\Silky.Rpc.AppService.csproj", "{7D61552F-6E1C-41E0-AF6F-D4883C68AAF9}"
EndProject
Project("{9A19103F-16F7-4668-BE54-9A1E7A4F7556}") = "Silky.SkyApm.Diagnostics.Http", "src\Silky.SkyApm.Diagnostics.Http\Silky.SkyApm.Diagnostics.Http.csproj", "{A55DA184-5BF2-4DE8-B9E6-C8890F12F879}"
EndProject
Project("{E53339B2-1760-4266-BCC7-CA923CBCF16C}") = "docker-compose", "test\docker-compose\docker-compose.dcproj", "{FEA0C318-FFED-4D39-8781-265718CA43DD}"
EndProject
Project("{2150E333-8FDC-42A3-9474-1A3956D46DE8}") = ".sln", ".sln", "{83BB8BED-CF57-4728-A169-78BE8796A4BC}"
	ProjectSection(SolutionItems) = preProject
		test\docker-compose\.env = test\docker-compose\.env
	EndProjectSection
EndProject
Project("{FAE04EC0-301F-11D3-BF4B-00C04F79EFBC}") = "Silky.Http.Auditing", "src\Silky.Http.Auditing\Silky.Http.Auditing.csproj", "{99C41850-29FF-4938-9F51-5862D0EC59EB}"
EndProject
Project("{FAE04EC0-301F-11D3-BF4B-00C04F79EFBC}") = "Silky.MassTransit", "src\Silky.MassTransit\Silky.MassTransit.csproj", "{D30CBA04-24E5-4E41-BDA2-7F0B576E504D}"
EndProject
Project("{FAE04EC0-301F-11D3-BF4B-00C04F79EFBC}") = "Silky.Swagger.Gen", "src\Silky.Swagger.Gen\Silky.Swagger.Gen.csproj", "{8B78E393-C113-461A-8E82-72F23AF7D08E}"
EndProject
Project("{FAE04EC0-301F-11D3-BF4B-00C04F79EFBC}") = "FileHostDemo", "test\FileHostDemo\FileHostDemo.csproj", "{B9A22254-67FE-4D63-9C8C-A7C5B4DFAFD8}"
EndProject
Project("{FAE04EC0-301F-11D3-BF4B-00C04F79EFBC}") = "TestApplication", "test\TestApplication\TestApplication.csproj", "{28781C3F-C0AD-4D21-B385-F247E9CC4E32}"
EndProject
Project("{FAE04EC0-301F-11D3-BF4B-00C04F79EFBC}") = "Silky.EntityFrameworkCore.Extras", "src\Silky.EntityFrameworkCore.Extras\Silky.EntityFrameworkCore.Extras.csproj", "{EF6A8D0F-EE23-49B7-943E-48A130809BE2}"
EndProject
Global
	GlobalSection(SolutionConfigurationPlatforms) = preSolution
		Debug|Any CPU = Debug|Any CPU
		Release|Any CPU = Release|Any CPU
	EndGlobalSection
	GlobalSection(ProjectConfigurationPlatforms) = postSolution
		{17D3E946-6069-428A-89EB-63ED642F395B}.Debug|Any CPU.ActiveCfg = Debug|Any CPU
		{17D3E946-6069-428A-89EB-63ED642F395B}.Debug|Any CPU.Build.0 = Debug|Any CPU
		{17D3E946-6069-428A-89EB-63ED642F395B}.Release|Any CPU.ActiveCfg = Release|Any CPU
		{17D3E946-6069-428A-89EB-63ED642F395B}.Release|Any CPU.Build.0 = Release|Any CPU
		{52477F1F-327D-441B-9ED0-BCE759BC3DD2}.Debug|Any CPU.ActiveCfg = Debug|Any CPU
		{52477F1F-327D-441B-9ED0-BCE759BC3DD2}.Debug|Any CPU.Build.0 = Debug|Any CPU
		{52477F1F-327D-441B-9ED0-BCE759BC3DD2}.Release|Any CPU.ActiveCfg = Release|Any CPU
		{52477F1F-327D-441B-9ED0-BCE759BC3DD2}.Release|Any CPU.Build.0 = Release|Any CPU
		{B9E60852-6784-469F-8192-BD5B0FAEDD88}.Debug|Any CPU.ActiveCfg = Debug|Any CPU
		{B9E60852-6784-469F-8192-BD5B0FAEDD88}.Debug|Any CPU.Build.0 = Debug|Any CPU
		{B9E60852-6784-469F-8192-BD5B0FAEDD88}.Release|Any CPU.ActiveCfg = Release|Any CPU
		{B9E60852-6784-469F-8192-BD5B0FAEDD88}.Release|Any CPU.Build.0 = Release|Any CPU
		{509CB0F3-072D-4FC4-9E59-10D1099F90D3}.Debug|Any CPU.ActiveCfg = Debug|Any CPU
		{509CB0F3-072D-4FC4-9E59-10D1099F90D3}.Debug|Any CPU.Build.0 = Debug|Any CPU
		{509CB0F3-072D-4FC4-9E59-10D1099F90D3}.Release|Any CPU.ActiveCfg = Release|Any CPU
		{509CB0F3-072D-4FC4-9E59-10D1099F90D3}.Release|Any CPU.Build.0 = Release|Any CPU
		{84B7FB5E-8AF6-492E-B7B0-89FEBAB20495}.Debug|Any CPU.ActiveCfg = Debug|Any CPU
		{84B7FB5E-8AF6-492E-B7B0-89FEBAB20495}.Debug|Any CPU.Build.0 = Debug|Any CPU
		{84B7FB5E-8AF6-492E-B7B0-89FEBAB20495}.Release|Any CPU.ActiveCfg = Release|Any CPU
		{84B7FB5E-8AF6-492E-B7B0-89FEBAB20495}.Release|Any CPU.Build.0 = Release|Any CPU
		{85CC1802-9656-47C9-8175-988D6AE619BC}.Debug|Any CPU.ActiveCfg = Debug|Any CPU
		{85CC1802-9656-47C9-8175-988D6AE619BC}.Debug|Any CPU.Build.0 = Debug|Any CPU
		{85CC1802-9656-47C9-8175-988D6AE619BC}.Release|Any CPU.ActiveCfg = Release|Any CPU
		{85CC1802-9656-47C9-8175-988D6AE619BC}.Release|Any CPU.Build.0 = Release|Any CPU
		{A35B6E14-4157-4BF1-A40D-EED44066879C}.Debug|Any CPU.ActiveCfg = Debug|Any CPU
		{A35B6E14-4157-4BF1-A40D-EED44066879C}.Debug|Any CPU.Build.0 = Debug|Any CPU
		{A35B6E14-4157-4BF1-A40D-EED44066879C}.Release|Any CPU.ActiveCfg = Release|Any CPU
		{A35B6E14-4157-4BF1-A40D-EED44066879C}.Release|Any CPU.Build.0 = Release|Any CPU
		{E63A6BEC-8438-44F2-8071-92E954E1B029}.Debug|Any CPU.ActiveCfg = Debug|Any CPU
		{E63A6BEC-8438-44F2-8071-92E954E1B029}.Debug|Any CPU.Build.0 = Debug|Any CPU
		{E63A6BEC-8438-44F2-8071-92E954E1B029}.Release|Any CPU.ActiveCfg = Release|Any CPU
		{E63A6BEC-8438-44F2-8071-92E954E1B029}.Release|Any CPU.Build.0 = Release|Any CPU
		{598FBFE0-CF02-4293-99C5-318C10CEFD41}.Debug|Any CPU.ActiveCfg = Debug|Any CPU
		{598FBFE0-CF02-4293-99C5-318C10CEFD41}.Debug|Any CPU.Build.0 = Debug|Any CPU
		{598FBFE0-CF02-4293-99C5-318C10CEFD41}.Release|Any CPU.ActiveCfg = Release|Any CPU
		{598FBFE0-CF02-4293-99C5-318C10CEFD41}.Release|Any CPU.Build.0 = Release|Any CPU
		{DC79E441-2703-4090-8D40-3BC1E23FCF85}.Debug|Any CPU.ActiveCfg = Debug|Any CPU
		{DC79E441-2703-4090-8D40-3BC1E23FCF85}.Debug|Any CPU.Build.0 = Debug|Any CPU
		{DC79E441-2703-4090-8D40-3BC1E23FCF85}.Release|Any CPU.ActiveCfg = Release|Any CPU
		{DC79E441-2703-4090-8D40-3BC1E23FCF85}.Release|Any CPU.Build.0 = Release|Any CPU
		{63A9EAC9-60F9-479E-B015-B1B160DDAB37}.Debug|Any CPU.ActiveCfg = Debug|Any CPU
		{63A9EAC9-60F9-479E-B015-B1B160DDAB37}.Debug|Any CPU.Build.0 = Debug|Any CPU
		{63A9EAC9-60F9-479E-B015-B1B160DDAB37}.Release|Any CPU.ActiveCfg = Release|Any CPU
		{63A9EAC9-60F9-479E-B015-B1B160DDAB37}.Release|Any CPU.Build.0 = Release|Any CPU
		{545C0F48-6276-4BC3-B66C-D84C2A65A84C}.Debug|Any CPU.ActiveCfg = Debug|Any CPU
		{545C0F48-6276-4BC3-B66C-D84C2A65A84C}.Debug|Any CPU.Build.0 = Debug|Any CPU
		{545C0F48-6276-4BC3-B66C-D84C2A65A84C}.Release|Any CPU.ActiveCfg = Release|Any CPU
		{545C0F48-6276-4BC3-B66C-D84C2A65A84C}.Release|Any CPU.Build.0 = Release|Any CPU
		{222EB00C-1C22-46E9-91BB-89B8219F1AB4}.Debug|Any CPU.ActiveCfg = Debug|Any CPU
		{222EB00C-1C22-46E9-91BB-89B8219F1AB4}.Debug|Any CPU.Build.0 = Debug|Any CPU
		{222EB00C-1C22-46E9-91BB-89B8219F1AB4}.Release|Any CPU.ActiveCfg = Release|Any CPU
		{222EB00C-1C22-46E9-91BB-89B8219F1AB4}.Release|Any CPU.Build.0 = Release|Any CPU
		{F6F06209-968E-4FE7-98EE-2C25D74367C2}.Debug|Any CPU.ActiveCfg = Debug|Any CPU
		{F6F06209-968E-4FE7-98EE-2C25D74367C2}.Debug|Any CPU.Build.0 = Debug|Any CPU
		{F6F06209-968E-4FE7-98EE-2C25D74367C2}.Release|Any CPU.ActiveCfg = Release|Any CPU
		{F6F06209-968E-4FE7-98EE-2C25D74367C2}.Release|Any CPU.Build.0 = Release|Any CPU
		{D96C901F-546D-4B6B-8981-3E0F9178B286}.Debug|Any CPU.ActiveCfg = Debug|Any CPU
		{D96C901F-546D-4B6B-8981-3E0F9178B286}.Debug|Any CPU.Build.0 = Debug|Any CPU
		{D96C901F-546D-4B6B-8981-3E0F9178B286}.Release|Any CPU.ActiveCfg = Release|Any CPU
		{D96C901F-546D-4B6B-8981-3E0F9178B286}.Release|Any CPU.Build.0 = Release|Any CPU
		{8619E755-200B-4FB8-A040-706C67B267B6}.Debug|Any CPU.ActiveCfg = Debug|Any CPU
		{8619E755-200B-4FB8-A040-706C67B267B6}.Debug|Any CPU.Build.0 = Debug|Any CPU
		{8619E755-200B-4FB8-A040-706C67B267B6}.Release|Any CPU.ActiveCfg = Release|Any CPU
		{8619E755-200B-4FB8-A040-706C67B267B6}.Release|Any CPU.Build.0 = Release|Any CPU
		{4C0493DB-AC99-4189-BAFB-93EC82DD46D8}.Debug|Any CPU.ActiveCfg = Debug|Any CPU
		{4C0493DB-AC99-4189-BAFB-93EC82DD46D8}.Debug|Any CPU.Build.0 = Debug|Any CPU
		{4C0493DB-AC99-4189-BAFB-93EC82DD46D8}.Release|Any CPU.ActiveCfg = Release|Any CPU
		{4C0493DB-AC99-4189-BAFB-93EC82DD46D8}.Release|Any CPU.Build.0 = Release|Any CPU
		{B076C910-08A0-4820-BC34-CA936E980077}.Debug|Any CPU.ActiveCfg = Debug|Any CPU
		{B076C910-08A0-4820-BC34-CA936E980077}.Debug|Any CPU.Build.0 = Debug|Any CPU
		{B076C910-08A0-4820-BC34-CA936E980077}.Release|Any CPU.ActiveCfg = Release|Any CPU
		{B076C910-08A0-4820-BC34-CA936E980077}.Release|Any CPU.Build.0 = Release|Any CPU
		{239843BB-C84C-4AF0-BAA0-01323991EA21}.Debug|Any CPU.ActiveCfg = Debug|Any CPU
		{239843BB-C84C-4AF0-BAA0-01323991EA21}.Debug|Any CPU.Build.0 = Debug|Any CPU
		{239843BB-C84C-4AF0-BAA0-01323991EA21}.Release|Any CPU.ActiveCfg = Release|Any CPU
		{239843BB-C84C-4AF0-BAA0-01323991EA21}.Release|Any CPU.Build.0 = Release|Any CPU
		{D1E4CCCB-6590-4D5F-B040-94409DCAD6C2}.Debug|Any CPU.ActiveCfg = Debug|Any CPU
		{D1E4CCCB-6590-4D5F-B040-94409DCAD6C2}.Debug|Any CPU.Build.0 = Debug|Any CPU
		{D1E4CCCB-6590-4D5F-B040-94409DCAD6C2}.Release|Any CPU.ActiveCfg = Release|Any CPU
		{D1E4CCCB-6590-4D5F-B040-94409DCAD6C2}.Release|Any CPU.Build.0 = Release|Any CPU
		{ADB99941-DCF4-454E-A8DD-72DCE3B794DF}.Debug|Any CPU.ActiveCfg = Debug|Any CPU
		{ADB99941-DCF4-454E-A8DD-72DCE3B794DF}.Debug|Any CPU.Build.0 = Debug|Any CPU
		{ADB99941-DCF4-454E-A8DD-72DCE3B794DF}.Release|Any CPU.ActiveCfg = Release|Any CPU
		{ADB99941-DCF4-454E-A8DD-72DCE3B794DF}.Release|Any CPU.Build.0 = Release|Any CPU
		{CEB2FCF0-EC12-4088-A7D9-273A7020A0B0}.Debug|Any CPU.ActiveCfg = Debug|Any CPU
		{CEB2FCF0-EC12-4088-A7D9-273A7020A0B0}.Debug|Any CPU.Build.0 = Debug|Any CPU
		{CEB2FCF0-EC12-4088-A7D9-273A7020A0B0}.Release|Any CPU.ActiveCfg = Release|Any CPU
		{CEB2FCF0-EC12-4088-A7D9-273A7020A0B0}.Release|Any CPU.Build.0 = Release|Any CPU
		{EC8416FD-70D8-4BE4-9DCD-024CBB59401A}.Debug|Any CPU.ActiveCfg = Debug|Any CPU
		{EC8416FD-70D8-4BE4-9DCD-024CBB59401A}.Debug|Any CPU.Build.0 = Debug|Any CPU
		{EC8416FD-70D8-4BE4-9DCD-024CBB59401A}.Release|Any CPU.ActiveCfg = Release|Any CPU
		{EC8416FD-70D8-4BE4-9DCD-024CBB59401A}.Release|Any CPU.Build.0 = Release|Any CPU
		{D786F374-7E72-4BFD-9F42-5FAB79FC6A44}.Debug|Any CPU.ActiveCfg = Debug|Any CPU
		{D786F374-7E72-4BFD-9F42-5FAB79FC6A44}.Debug|Any CPU.Build.0 = Debug|Any CPU
		{D786F374-7E72-4BFD-9F42-5FAB79FC6A44}.Release|Any CPU.ActiveCfg = Release|Any CPU
		{D786F374-7E72-4BFD-9F42-5FAB79FC6A44}.Release|Any CPU.Build.0 = Release|Any CPU
		{66CEFE14-CE38-4686-9BBA-E3153DBCFB3B}.Debug|Any CPU.ActiveCfg = Debug|Any CPU
		{66CEFE14-CE38-4686-9BBA-E3153DBCFB3B}.Debug|Any CPU.Build.0 = Debug|Any CPU
		{66CEFE14-CE38-4686-9BBA-E3153DBCFB3B}.Release|Any CPU.ActiveCfg = Release|Any CPU
		{66CEFE14-CE38-4686-9BBA-E3153DBCFB3B}.Release|Any CPU.Build.0 = Release|Any CPU
		{21EE5C17-9D9B-496B-9C58-EA46DD707481}.Debug|Any CPU.ActiveCfg = Debug|Any CPU
		{21EE5C17-9D9B-496B-9C58-EA46DD707481}.Debug|Any CPU.Build.0 = Debug|Any CPU
		{21EE5C17-9D9B-496B-9C58-EA46DD707481}.Release|Any CPU.ActiveCfg = Release|Any CPU
		{21EE5C17-9D9B-496B-9C58-EA46DD707481}.Release|Any CPU.Build.0 = Release|Any CPU
		{B730C43A-E13D-4F74-B63E-5270143A033E}.Debug|Any CPU.ActiveCfg = Debug|Any CPU
		{B730C43A-E13D-4F74-B63E-5270143A033E}.Debug|Any CPU.Build.0 = Debug|Any CPU
		{B730C43A-E13D-4F74-B63E-5270143A033E}.Release|Any CPU.ActiveCfg = Release|Any CPU
		{B730C43A-E13D-4F74-B63E-5270143A033E}.Release|Any CPU.Build.0 = Release|Any CPU
		{77EE115C-9584-431C-AE06-DE2EE7F81F1D}.Debug|Any CPU.ActiveCfg = Debug|Any CPU
		{77EE115C-9584-431C-AE06-DE2EE7F81F1D}.Debug|Any CPU.Build.0 = Debug|Any CPU
		{77EE115C-9584-431C-AE06-DE2EE7F81F1D}.Release|Any CPU.ActiveCfg = Release|Any CPU
		{77EE115C-9584-431C-AE06-DE2EE7F81F1D}.Release|Any CPU.Build.0 = Release|Any CPU
		{DD21342C-871C-4FF2-9FCB-03C189E32B58}.Debug|Any CPU.ActiveCfg = Debug|Any CPU
		{DD21342C-871C-4FF2-9FCB-03C189E32B58}.Debug|Any CPU.Build.0 = Debug|Any CPU
		{DD21342C-871C-4FF2-9FCB-03C189E32B58}.Release|Any CPU.ActiveCfg = Release|Any CPU
		{DD21342C-871C-4FF2-9FCB-03C189E32B58}.Release|Any CPU.Build.0 = Release|Any CPU
		{737612EA-3E7F-4A45-99B0-BF95079D3C4B}.Debug|Any CPU.ActiveCfg = Debug|Any CPU
		{737612EA-3E7F-4A45-99B0-BF95079D3C4B}.Debug|Any CPU.Build.0 = Debug|Any CPU
		{737612EA-3E7F-4A45-99B0-BF95079D3C4B}.Release|Any CPU.ActiveCfg = Release|Any CPU
		{737612EA-3E7F-4A45-99B0-BF95079D3C4B}.Release|Any CPU.Build.0 = Release|Any CPU
		{0A8C5303-B3A3-4432-90CC-060509187DD9}.Debug|Any CPU.ActiveCfg = Debug|Any CPU
		{0A8C5303-B3A3-4432-90CC-060509187DD9}.Debug|Any CPU.Build.0 = Debug|Any CPU
		{0A8C5303-B3A3-4432-90CC-060509187DD9}.Release|Any CPU.ActiveCfg = Release|Any CPU
		{0A8C5303-B3A3-4432-90CC-060509187DD9}.Release|Any CPU.Build.0 = Release|Any CPU
		{36EA323F-3B5A-43C2-87B9-0ECA78732729}.Debug|Any CPU.ActiveCfg = Debug|Any CPU
		{36EA323F-3B5A-43C2-87B9-0ECA78732729}.Debug|Any CPU.Build.0 = Debug|Any CPU
		{36EA323F-3B5A-43C2-87B9-0ECA78732729}.Release|Any CPU.ActiveCfg = Release|Any CPU
		{36EA323F-3B5A-43C2-87B9-0ECA78732729}.Release|Any CPU.Build.0 = Release|Any CPU
		{BAC61EC8-1110-477A-8E7E-08F617A3B50B}.Debug|Any CPU.ActiveCfg = Debug|Any CPU
		{BAC61EC8-1110-477A-8E7E-08F617A3B50B}.Debug|Any CPU.Build.0 = Debug|Any CPU
		{BAC61EC8-1110-477A-8E7E-08F617A3B50B}.Release|Any CPU.ActiveCfg = Release|Any CPU
		{BAC61EC8-1110-477A-8E7E-08F617A3B50B}.Release|Any CPU.Build.0 = Release|Any CPU
		{5435EAA5-94BC-49F1-980C-7C4FA9F8B712}.Debug|Any CPU.ActiveCfg = Debug|Any CPU
		{5435EAA5-94BC-49F1-980C-7C4FA9F8B712}.Debug|Any CPU.Build.0 = Debug|Any CPU
		{5435EAA5-94BC-49F1-980C-7C4FA9F8B712}.Release|Any CPU.ActiveCfg = Release|Any CPU
		{5435EAA5-94BC-49F1-980C-7C4FA9F8B712}.Release|Any CPU.Build.0 = Release|Any CPU
		{BE7E4C0D-571D-4681-964B-F13031139E65}.Debug|Any CPU.ActiveCfg = Debug|Any CPU
		{BE7E4C0D-571D-4681-964B-F13031139E65}.Debug|Any CPU.Build.0 = Debug|Any CPU
		{BE7E4C0D-571D-4681-964B-F13031139E65}.Release|Any CPU.ActiveCfg = Release|Any CPU
		{BE7E4C0D-571D-4681-964B-F13031139E65}.Release|Any CPU.Build.0 = Release|Any CPU
		{F0A600C3-BE40-4667-9D5B-D78DD86B23A0}.Debug|Any CPU.ActiveCfg = Debug|Any CPU
		{F0A600C3-BE40-4667-9D5B-D78DD86B23A0}.Debug|Any CPU.Build.0 = Debug|Any CPU
		{F0A600C3-BE40-4667-9D5B-D78DD86B23A0}.Release|Any CPU.ActiveCfg = Release|Any CPU
		{F0A600C3-BE40-4667-9D5B-D78DD86B23A0}.Release|Any CPU.Build.0 = Release|Any CPU
		{776723B1-78E7-4E1C-9E58-46D0835BA758}.Debug|Any CPU.ActiveCfg = Debug|Any CPU
		{776723B1-78E7-4E1C-9E58-46D0835BA758}.Debug|Any CPU.Build.0 = Debug|Any CPU
		{776723B1-78E7-4E1C-9E58-46D0835BA758}.Release|Any CPU.ActiveCfg = Release|Any CPU
		{776723B1-78E7-4E1C-9E58-46D0835BA758}.Release|Any CPU.Build.0 = Release|Any CPU
		{50F74DB9-A894-4EB6-8E69-66C6C51A53AF}.Debug|Any CPU.ActiveCfg = Debug|Any CPU
		{50F74DB9-A894-4EB6-8E69-66C6C51A53AF}.Debug|Any CPU.Build.0 = Debug|Any CPU
		{50F74DB9-A894-4EB6-8E69-66C6C51A53AF}.Release|Any CPU.ActiveCfg = Release|Any CPU
		{50F74DB9-A894-4EB6-8E69-66C6C51A53AF}.Release|Any CPU.Build.0 = Release|Any CPU
		{EF191FA7-8DA0-4ED9-95B5-4508C0F4A1D8}.Debug|Any CPU.ActiveCfg = Debug|Any CPU
		{EF191FA7-8DA0-4ED9-95B5-4508C0F4A1D8}.Debug|Any CPU.Build.0 = Debug|Any CPU
		{EF191FA7-8DA0-4ED9-95B5-4508C0F4A1D8}.Release|Any CPU.ActiveCfg = Release|Any CPU
		{EF191FA7-8DA0-4ED9-95B5-4508C0F4A1D8}.Release|Any CPU.Build.0 = Release|Any CPU
		{5211E971-CAFC-4982-9BCA-9938A2E9EA58}.Debug|Any CPU.ActiveCfg = Debug|Any CPU
		{5211E971-CAFC-4982-9BCA-9938A2E9EA58}.Debug|Any CPU.Build.0 = Debug|Any CPU
		{5211E971-CAFC-4982-9BCA-9938A2E9EA58}.Release|Any CPU.ActiveCfg = Release|Any CPU
		{5211E971-CAFC-4982-9BCA-9938A2E9EA58}.Release|Any CPU.Build.0 = Release|Any CPU
		{C3452279-7069-442B-9458-7AE642B3DA1B}.Debug|Any CPU.ActiveCfg = Debug|Any CPU
		{C3452279-7069-442B-9458-7AE642B3DA1B}.Debug|Any CPU.Build.0 = Debug|Any CPU
		{C3452279-7069-442B-9458-7AE642B3DA1B}.Release|Any CPU.ActiveCfg = Release|Any CPU
		{C3452279-7069-442B-9458-7AE642B3DA1B}.Release|Any CPU.Build.0 = Release|Any CPU
		{7FF90290-943C-4423-81D1-A15CE322DCF1}.Debug|Any CPU.ActiveCfg = Debug|Any CPU
		{7FF90290-943C-4423-81D1-A15CE322DCF1}.Debug|Any CPU.Build.0 = Debug|Any CPU
		{7FF90290-943C-4423-81D1-A15CE322DCF1}.Release|Any CPU.ActiveCfg = Release|Any CPU
		{7FF90290-943C-4423-81D1-A15CE322DCF1}.Release|Any CPU.Build.0 = Release|Any CPU
		{A4F5F364-0083-4827-B616-882538DDD50F}.Debug|Any CPU.ActiveCfg = Debug|Any CPU
		{A4F5F364-0083-4827-B616-882538DDD50F}.Debug|Any CPU.Build.0 = Debug|Any CPU
		{A4F5F364-0083-4827-B616-882538DDD50F}.Release|Any CPU.ActiveCfg = Release|Any CPU
		{A4F5F364-0083-4827-B616-882538DDD50F}.Release|Any CPU.Build.0 = Release|Any CPU
		{DAC11C0A-15DD-4D66-AE65-C2050122C03C}.Debug|Any CPU.ActiveCfg = Debug|Any CPU
		{DAC11C0A-15DD-4D66-AE65-C2050122C03C}.Debug|Any CPU.Build.0 = Debug|Any CPU
		{DAC11C0A-15DD-4D66-AE65-C2050122C03C}.Release|Any CPU.ActiveCfg = Release|Any CPU
		{DAC11C0A-15DD-4D66-AE65-C2050122C03C}.Release|Any CPU.Build.0 = Release|Any CPU
		{A11EDE77-EC83-4BD8-B2DB-85041010D61A}.Debug|Any CPU.ActiveCfg = Debug|Any CPU
		{A11EDE77-EC83-4BD8-B2DB-85041010D61A}.Debug|Any CPU.Build.0 = Debug|Any CPU
		{A11EDE77-EC83-4BD8-B2DB-85041010D61A}.Release|Any CPU.ActiveCfg = Release|Any CPU
		{A11EDE77-EC83-4BD8-B2DB-85041010D61A}.Release|Any CPU.Build.0 = Release|Any CPU
		{BC4CCA97-1FBC-43D7-B3A2-4E4FBDA9AC38}.Debug|Any CPU.ActiveCfg = Debug|Any CPU
		{BC4CCA97-1FBC-43D7-B3A2-4E4FBDA9AC38}.Debug|Any CPU.Build.0 = Debug|Any CPU
		{BC4CCA97-1FBC-43D7-B3A2-4E4FBDA9AC38}.Release|Any CPU.ActiveCfg = Release|Any CPU
		{BC4CCA97-1FBC-43D7-B3A2-4E4FBDA9AC38}.Release|Any CPU.Build.0 = Release|Any CPU
		{CCABF454-456D-4800-ABED-865ED0A0B9C5}.Debug|Any CPU.ActiveCfg = Debug|Any CPU
		{CCABF454-456D-4800-ABED-865ED0A0B9C5}.Debug|Any CPU.Build.0 = Debug|Any CPU
		{CCABF454-456D-4800-ABED-865ED0A0B9C5}.Release|Any CPU.ActiveCfg = Release|Any CPU
		{CCABF454-456D-4800-ABED-865ED0A0B9C5}.Release|Any CPU.Build.0 = Release|Any CPU
		{A9CE020D-E1BC-47DE-893D-1D96E52A7DA3}.Debug|Any CPU.ActiveCfg = Debug|Any CPU
		{A9CE020D-E1BC-47DE-893D-1D96E52A7DA3}.Debug|Any CPU.Build.0 = Debug|Any CPU
		{A9CE020D-E1BC-47DE-893D-1D96E52A7DA3}.Release|Any CPU.ActiveCfg = Release|Any CPU
		{A9CE020D-E1BC-47DE-893D-1D96E52A7DA3}.Release|Any CPU.Build.0 = Release|Any CPU
		{7F1393A4-F5F6-4575-9386-00E3D0FF265A}.Debug|Any CPU.ActiveCfg = Debug|Any CPU
		{7F1393A4-F5F6-4575-9386-00E3D0FF265A}.Debug|Any CPU.Build.0 = Debug|Any CPU
		{7F1393A4-F5F6-4575-9386-00E3D0FF265A}.Release|Any CPU.ActiveCfg = Release|Any CPU
		{7F1393A4-F5F6-4575-9386-00E3D0FF265A}.Release|Any CPU.Build.0 = Release|Any CPU
		{7D61552F-6E1C-41E0-AF6F-D4883C68AAF9}.Debug|Any CPU.ActiveCfg = Debug|Any CPU
		{7D61552F-6E1C-41E0-AF6F-D4883C68AAF9}.Debug|Any CPU.Build.0 = Debug|Any CPU
		{7D61552F-6E1C-41E0-AF6F-D4883C68AAF9}.Release|Any CPU.ActiveCfg = Release|Any CPU
		{7D61552F-6E1C-41E0-AF6F-D4883C68AAF9}.Release|Any CPU.Build.0 = Release|Any CPU
		{A55DA184-5BF2-4DE8-B9E6-C8890F12F879}.Debug|Any CPU.ActiveCfg = Debug|Any CPU
		{A55DA184-5BF2-4DE8-B9E6-C8890F12F879}.Debug|Any CPU.Build.0 = Debug|Any CPU
		{A55DA184-5BF2-4DE8-B9E6-C8890F12F879}.Release|Any CPU.ActiveCfg = Release|Any CPU
		{A55DA184-5BF2-4DE8-B9E6-C8890F12F879}.Release|Any CPU.Build.0 = Release|Any CPU
		{FEA0C318-FFED-4D39-8781-265718CA43DD}.Debug|Any CPU.ActiveCfg = Debug|Any CPU
		{FEA0C318-FFED-4D39-8781-265718CA43DD}.Debug|Any CPU.Build.0 = Debug|Any CPU
		{FEA0C318-FFED-4D39-8781-265718CA43DD}.Release|Any CPU.ActiveCfg = Release|Any CPU
		{FEA0C318-FFED-4D39-8781-265718CA43DD}.Release|Any CPU.Build.0 = Release|Any CPU
		{99C41850-29FF-4938-9F51-5862D0EC59EB}.Debug|Any CPU.ActiveCfg = Debug|Any CPU
		{99C41850-29FF-4938-9F51-5862D0EC59EB}.Debug|Any CPU.Build.0 = Debug|Any CPU
		{99C41850-29FF-4938-9F51-5862D0EC59EB}.Release|Any CPU.ActiveCfg = Release|Any CPU
		{99C41850-29FF-4938-9F51-5862D0EC59EB}.Release|Any CPU.Build.0 = Release|Any CPU
		{D30CBA04-24E5-4E41-BDA2-7F0B576E504D}.Debug|Any CPU.ActiveCfg = Debug|Any CPU
		{D30CBA04-24E5-4E41-BDA2-7F0B576E504D}.Debug|Any CPU.Build.0 = Debug|Any CPU
		{D30CBA04-24E5-4E41-BDA2-7F0B576E504D}.Release|Any CPU.ActiveCfg = Release|Any CPU
		{D30CBA04-24E5-4E41-BDA2-7F0B576E504D}.Release|Any CPU.Build.0 = Release|Any CPU
		{8B78E393-C113-461A-8E82-72F23AF7D08E}.Debug|Any CPU.ActiveCfg = Debug|Any CPU
		{8B78E393-C113-461A-8E82-72F23AF7D08E}.Debug|Any CPU.Build.0 = Debug|Any CPU
		{8B78E393-C113-461A-8E82-72F23AF7D08E}.Release|Any CPU.ActiveCfg = Release|Any CPU
		{8B78E393-C113-461A-8E82-72F23AF7D08E}.Release|Any CPU.Build.0 = Release|Any CPU
		{B9A22254-67FE-4D63-9C8C-A7C5B4DFAFD8}.Debug|Any CPU.ActiveCfg = Debug|Any CPU
		{B9A22254-67FE-4D63-9C8C-A7C5B4DFAFD8}.Debug|Any CPU.Build.0 = Debug|Any CPU
		{B9A22254-67FE-4D63-9C8C-A7C5B4DFAFD8}.Release|Any CPU.ActiveCfg = Release|Any CPU
		{B9A22254-67FE-4D63-9C8C-A7C5B4DFAFD8}.Release|Any CPU.Build.0 = Release|Any CPU
		{28781C3F-C0AD-4D21-B385-F247E9CC4E32}.Debug|Any CPU.ActiveCfg = Debug|Any CPU
		{28781C3F-C0AD-4D21-B385-F247E9CC4E32}.Debug|Any CPU.Build.0 = Debug|Any CPU
		{28781C3F-C0AD-4D21-B385-F247E9CC4E32}.Release|Any CPU.ActiveCfg = Release|Any CPU
		{28781C3F-C0AD-4D21-B385-F247E9CC4E32}.Release|Any CPU.Build.0 = Release|Any CPU
		{EF6A8D0F-EE23-49B7-943E-48A130809BE2}.Debug|Any CPU.ActiveCfg = Debug|Any CPU
		{EF6A8D0F-EE23-49B7-943E-48A130809BE2}.Debug|Any CPU.Build.0 = Debug|Any CPU
		{EF6A8D0F-EE23-49B7-943E-48A130809BE2}.Release|Any CPU.ActiveCfg = Release|Any CPU
		{EF6A8D0F-EE23-49B7-943E-48A130809BE2}.Release|Any CPU.Build.0 = Release|Any CPU
	EndGlobalSection
	GlobalSection(SolutionProperties) = preSolution
		HideSolutionNode = FALSE
	EndGlobalSection
	GlobalSection(NestedProjects) = preSolution
		{17D3E946-6069-428A-89EB-63ED642F395B} = {BBAACB71-9C7B-47EB-80A1-E7D9DF73F076}
		{52477F1F-327D-441B-9ED0-BCE759BC3DD2} = {BBAACB71-9C7B-47EB-80A1-E7D9DF73F076}
		{B9E60852-6784-469F-8192-BD5B0FAEDD88} = {BBAACB71-9C7B-47EB-80A1-E7D9DF73F076}
		{509CB0F3-072D-4FC4-9E59-10D1099F90D3} = {BBAACB71-9C7B-47EB-80A1-E7D9DF73F076}
		{84B7FB5E-8AF6-492E-B7B0-89FEBAB20495} = {BBAACB71-9C7B-47EB-80A1-E7D9DF73F076}
		{85CC1802-9656-47C9-8175-988D6AE619BC} = {BBAACB71-9C7B-47EB-80A1-E7D9DF73F076}
		{A35B6E14-4157-4BF1-A40D-EED44066879C} = {0ADAAB32-452C-4B2B-9EF7-BE57131C96F8}
		{E63A6BEC-8438-44F2-8071-92E954E1B029} = {BBAACB71-9C7B-47EB-80A1-E7D9DF73F076}
		{598FBFE0-CF02-4293-99C5-318C10CEFD41} = {0ADAAB32-452C-4B2B-9EF7-BE57131C96F8}
		{DC79E441-2703-4090-8D40-3BC1E23FCF85} = {0ADAAB32-452C-4B2B-9EF7-BE57131C96F8}
		{63A9EAC9-60F9-479E-B015-B1B160DDAB37} = {BBAACB71-9C7B-47EB-80A1-E7D9DF73F076}
		{545C0F48-6276-4BC3-B66C-D84C2A65A84C} = {BBAACB71-9C7B-47EB-80A1-E7D9DF73F076}
		{222EB00C-1C22-46E9-91BB-89B8219F1AB4} = {BBAACB71-9C7B-47EB-80A1-E7D9DF73F076}
		{F6F06209-968E-4FE7-98EE-2C25D74367C2} = {BBAACB71-9C7B-47EB-80A1-E7D9DF73F076}
		{D96C901F-546D-4B6B-8981-3E0F9178B286} = {BBAACB71-9C7B-47EB-80A1-E7D9DF73F076}
		{8619E755-200B-4FB8-A040-706C67B267B6} = {BBAACB71-9C7B-47EB-80A1-E7D9DF73F076}
		{4C0493DB-AC99-4189-BAFB-93EC82DD46D8} = {0ADAAB32-452C-4B2B-9EF7-BE57131C96F8}
		{B076C910-08A0-4820-BC34-CA936E980077} = {0ADAAB32-452C-4B2B-9EF7-BE57131C96F8}
		{239843BB-C84C-4AF0-BAA0-01323991EA21} = {BBAACB71-9C7B-47EB-80A1-E7D9DF73F076}
		{D1E4CCCB-6590-4D5F-B040-94409DCAD6C2} = {BBAACB71-9C7B-47EB-80A1-E7D9DF73F076}
		{ADB99941-DCF4-454E-A8DD-72DCE3B794DF} = {BBAACB71-9C7B-47EB-80A1-E7D9DF73F076}
		{CEB2FCF0-EC12-4088-A7D9-273A7020A0B0} = {BBAACB71-9C7B-47EB-80A1-E7D9DF73F076}
		{EC8416FD-70D8-4BE4-9DCD-024CBB59401A} = {BBAACB71-9C7B-47EB-80A1-E7D9DF73F076}
		{D786F374-7E72-4BFD-9F42-5FAB79FC6A44} = {BBAACB71-9C7B-47EB-80A1-E7D9DF73F076}
		{66CEFE14-CE38-4686-9BBA-E3153DBCFB3B} = {BBAACB71-9C7B-47EB-80A1-E7D9DF73F076}
		{21EE5C17-9D9B-496B-9C58-EA46DD707481} = {BBAACB71-9C7B-47EB-80A1-E7D9DF73F076}
		{B730C43A-E13D-4F74-B63E-5270143A033E} = {BBAACB71-9C7B-47EB-80A1-E7D9DF73F076}
		{77EE115C-9584-431C-AE06-DE2EE7F81F1D} = {0ADAAB32-452C-4B2B-9EF7-BE57131C96F8}
		{DD21342C-871C-4FF2-9FCB-03C189E32B58} = {0ADAAB32-452C-4B2B-9EF7-BE57131C96F8}
		{737612EA-3E7F-4A45-99B0-BF95079D3C4B} = {BBAACB71-9C7B-47EB-80A1-E7D9DF73F076}
		{0A8C5303-B3A3-4432-90CC-060509187DD9} = {BBAACB71-9C7B-47EB-80A1-E7D9DF73F076}
		{36EA323F-3B5A-43C2-87B9-0ECA78732729} = {BBAACB71-9C7B-47EB-80A1-E7D9DF73F076}
		{BAC61EC8-1110-477A-8E7E-08F617A3B50B} = {BBAACB71-9C7B-47EB-80A1-E7D9DF73F076}
		{5435EAA5-94BC-49F1-980C-7C4FA9F8B712} = {BBAACB71-9C7B-47EB-80A1-E7D9DF73F076}
		{BE7E4C0D-571D-4681-964B-F13031139E65} = {BBAACB71-9C7B-47EB-80A1-E7D9DF73F076}
		{F0A600C3-BE40-4667-9D5B-D78DD86B23A0} = {BBAACB71-9C7B-47EB-80A1-E7D9DF73F076}
		{776723B1-78E7-4E1C-9E58-46D0835BA758} = {BBAACB71-9C7B-47EB-80A1-E7D9DF73F076}
		{50F74DB9-A894-4EB6-8E69-66C6C51A53AF} = {BBAACB71-9C7B-47EB-80A1-E7D9DF73F076}
		{EF191FA7-8DA0-4ED9-95B5-4508C0F4A1D8} = {BBAACB71-9C7B-47EB-80A1-E7D9DF73F076}
		{5211E971-CAFC-4982-9BCA-9938A2E9EA58} = {BBAACB71-9C7B-47EB-80A1-E7D9DF73F076}
		{C3452279-7069-442B-9458-7AE642B3DA1B} = {BBAACB71-9C7B-47EB-80A1-E7D9DF73F076}
		{7FF90290-943C-4423-81D1-A15CE322DCF1} = {BBAACB71-9C7B-47EB-80A1-E7D9DF73F076}
		{A4F5F364-0083-4827-B616-882538DDD50F} = {BBAACB71-9C7B-47EB-80A1-E7D9DF73F076}
		{DAC11C0A-15DD-4D66-AE65-C2050122C03C} = {BBAACB71-9C7B-47EB-80A1-E7D9DF73F076}
		{A11EDE77-EC83-4BD8-B2DB-85041010D61A} = {BBAACB71-9C7B-47EB-80A1-E7D9DF73F076}
		{BC4CCA97-1FBC-43D7-B3A2-4E4FBDA9AC38} = {BBAACB71-9C7B-47EB-80A1-E7D9DF73F076}
		{CCABF454-456D-4800-ABED-865ED0A0B9C5} = {BBAACB71-9C7B-47EB-80A1-E7D9DF73F076}
		{A9CE020D-E1BC-47DE-893D-1D96E52A7DA3} = {BBAACB71-9C7B-47EB-80A1-E7D9DF73F076}
		{7F1393A4-F5F6-4575-9386-00E3D0FF265A} = {BBAACB71-9C7B-47EB-80A1-E7D9DF73F076}
		{7D61552F-6E1C-41E0-AF6F-D4883C68AAF9} = {BBAACB71-9C7B-47EB-80A1-E7D9DF73F076}
		{A55DA184-5BF2-4DE8-B9E6-C8890F12F879} = {BBAACB71-9C7B-47EB-80A1-E7D9DF73F076}
		{FEA0C318-FFED-4D39-8781-265718CA43DD} = {0ADAAB32-452C-4B2B-9EF7-BE57131C96F8}
		{99C41850-29FF-4938-9F51-5862D0EC59EB} = {BBAACB71-9C7B-47EB-80A1-E7D9DF73F076}
		{D30CBA04-24E5-4E41-BDA2-7F0B576E504D} = {BBAACB71-9C7B-47EB-80A1-E7D9DF73F076}
		{8B78E393-C113-461A-8E82-72F23AF7D08E} = {BBAACB71-9C7B-47EB-80A1-E7D9DF73F076}
		{B9A22254-67FE-4D63-9C8C-A7C5B4DFAFD8} = {0ADAAB32-452C-4B2B-9EF7-BE57131C96F8}
		{28781C3F-C0AD-4D21-B385-F247E9CC4E32} = {0ADAAB32-452C-4B2B-9EF7-BE57131C96F8}
		{EF6A8D0F-EE23-49B7-943E-48A130809BE2} = {BBAACB71-9C7B-47EB-80A1-E7D9DF73F076}
	EndGlobalSection
	GlobalSection(ExtensibilityGlobals) = postSolution
		SolutionGuid = {42B14424-34C2-4891-A02A-690A57FE2795}
	EndGlobalSection
EndGlobal
