
Microsoft Visual Studio Solution File, Format Version 12.00
# Visual Studio Version 16
VisualStudioVersion = 16.0.31105.61
MinimumVisualStudioVersion = 10.0.40219.1
Project("{2150E333-8FDC-42A3-9474-1A3956D46DE8}") = "aggregators", "aggregators", "{A576E48B-1002-478F-889B-5A23F432FA3B}"
EndProject
Project("{2150E333-8FDC-42A3-9474-1A3956D46DE8}") = "microservices", "microservices", "{30056C2B-7FFC-4C48-A419-93D8B756899D}"
EndProject
Project("{2150E333-8FDC-42A3-9474-1A3956D46DE8}") = "account", "account", "{AC0D5F65-4838-4502-BA54-2DAFF445E861}"
EndProject
Project("{2150E333-8FDC-42A3-9474-1A3956D46DE8}") = "order", "order", "{3F654FD6-30FF-43C8-AB04-C4F4B2E4EECF}"
EndProject
Project("{2150E333-8FDC-42A3-9474-1A3956D46DE8}") = "stock", "stock", "{90D32BC6-C128-4CA0-B7F8-B55B100314EE}"
EndProject
Project("{9A19103F-16F7-4668-BE54-9A1E7A4F7556}") = "Lms.Account.Application", "microservices\account\Lms.Account.Application\Lms.Account.Application.csproj", "{173DCB7E-DF63-456E-AB8C-7204DD8AD7BF}"
EndProject
Project("{9A19103F-16F7-4668-BE54-9A1E7A4F7556}") = "Lms.Account.Application.Contracts", "microservices\account\Lms.Account.Application.Contracts\Lms.Account.Application.Contracts.csproj", "{F05F4892-4CE0-49BC-A733-E8AF51BA7593}"
EndProject
Project("{9A19103F-16F7-4668-BE54-9A1E7A4F7556}") = "Lms.Account.Domain", "microservices\account\Lms.Account.Domain\Lms.Account.Domain.csproj", "{A59459C0-62E8-4AE1-99D7-3439A15EA69F}"
EndProject
Project("{9A19103F-16F7-4668-BE54-9A1E7A4F7556}") = "Lms.Account.Domain.Shared", "microservices\account\Lms.Account.Domain.Shared\Lms.Account.Domain.Shared.csproj", "{9968672D-8132-4C09-8F82-F633105293D5}"
EndProject
Project("{9A19103F-16F7-4668-BE54-9A1E7A4F7556}") = "Lms.Account.EntityFrameworkCore", "microservices\account\Lms.Account.EntityFrameworkCore\Lms.Account.EntityFrameworkCore.csproj", "{E8F28997-484D-46F6-B080-923A69146D5A}"
EndProject
Project("{9A19103F-16F7-4668-BE54-9A1E7A4F7556}") = "Lms.AccountHost", "microservices\account\Lms.AccountHost\Lms.AccountHost.csproj", "{30605EBF-741F-4CFE-9C54-5346449F6BAF}"
EndProject
Project("{9A19103F-16F7-4668-BE54-9A1E7A4F7556}") = "Lms.Order.Application", "microservices\order\Lms.Order.Application\Lms.Order.Application.csproj", "{736CF1B3-1AA0-41A5-B46E-066F3B75AD57}"
EndProject
Project("{9A19103F-16F7-4668-BE54-9A1E7A4F7556}") = "Lms.Order.Application.Contracts", "microservices\order\Lms.Order.Application.Contracts\Lms.Order.Application.Contracts.csproj", "{323904F6-9720-47DC-B002-D9067E6139F8}"
EndProject
Project("{9A19103F-16F7-4668-BE54-9A1E7A4F7556}") = "Lms.Order.Domain", "microservices\order\Lms.Order.Domain\Lms.Order.Domain.csproj", "{8A0C66C3-698B-4576-AC35-3BF7C8AA5DD4}"
EndProject
Project("{9A19103F-16F7-4668-BE54-9A1E7A4F7556}") = "Lms.Order.Domain.Shared", "microservices\order\Lms.Order.Domain.Shared\Lms.Order.Domain.Shared.csproj", "{C15FA737-0CBA-47D5-9FFE-33EE88C9721E}"
EndProject
Project("{9A19103F-16F7-4668-BE54-9A1E7A4F7556}") = "Lms.Order.EntityFrameworkCore", "microservices\order\Lms.Order.EntityFrameworkCore\Lms.Order.EntityFrameworkCore.csproj", "{ECD17071-9765-45A8-B6A9-F8C3F85D3134}"
EndProject
Project("{9A19103F-16F7-4668-BE54-9A1E7A4F7556}") = "Lms.OrderHost", "microservices\order\Lms.OrderHost\Lms.OrderHost.csproj", "{EB161F1E-FD87-47D5-8D59-31A61987130A}"
EndProject
Project("{9A19103F-16F7-4668-BE54-9A1E7A4F7556}") = "Lms.Stock.Application", "microservices\stock\Lms.Stock.Application\Lms.Stock.Application.csproj", "{BD797767-1012-4900-8F80-0EC011A5B4F4}"
EndProject
Project("{9A19103F-16F7-4668-BE54-9A1E7A4F7556}") = "Lms.Stock.Application.Contracts", "microservices\stock\Lms.Stock.Application.Contracts\Lms.Stock.Application.Contracts.csproj", "{F6B64030-0851-471C-AAB5-832F39BDFD24}"
EndProject
Project("{9A19103F-16F7-4668-BE54-9A1E7A4F7556}") = "Lms.Stock.Domain", "microservices\stock\Lms.Stock.Domain\Lms.Stock.Domain.csproj", "{EBBC754A-5F17-41FC-AE41-1876ED2F99ED}"
EndProject
Project("{9A19103F-16F7-4668-BE54-9A1E7A4F7556}") = "Lms.Stock.Domain.Shared", "microservices\stock\Lms.Stock.Domain.Shared\Lms.Stock.Domain.Shared.csproj", "{C6D088A2-4D98-466A-AB6B-18EDBE6D2149}"
EndProject
Project("{9A19103F-16F7-4668-BE54-9A1E7A4F7556}") = "Lms.Stock.EntityFrameworkCore", "microservices\stock\Lms.Stock.EntityFrameworkCore\Lms.Stock.EntityFrameworkCore.csproj", "{FD6D7557-56C8-44EC-AEF0-C063EC8265A4}"
EndProject
Project("{9A19103F-16F7-4668-BE54-9A1E7A4F7556}") = "Lms.StockHost", "microservices\stock\Lms.StockHost\Lms.StockHost.csproj", "{AF881D66-3E6F-4218-8DFA-031CED443F94}"
EndProject
Project("{9A19103F-16F7-4668-BE54-9A1E7A4F7556}") = "Lms.GatewayHost", "aggregators\Lms.GatewayHost\Lms.GatewayHost.csproj", "{77AB29AC-D903-4F04-9267-E4D8D69E5832}"
EndProject
Project("{E53339B2-1760-4266-BCC7-CA923CBCF16C}") = "docker-compose", "docker-compose\samples\docker-compose.dcproj", "{FEA0C318-FFED-4D39-8781-265718CA43DD}"
EndProject
Global
	GlobalSection(SolutionConfigurationPlatforms) = preSolution
		Debug|Any CPU = Debug|Any CPU
		Release|Any CPU = Release|Any CPU
	EndGlobalSection
	GlobalSection(ProjectConfigurationPlatforms) = postSolution
		{173DCB7E-DF63-456E-AB8C-7204DD8AD7BF}.Debug|Any CPU.ActiveCfg = Debug|Any CPU
		{173DCB7E-DF63-456E-AB8C-7204DD8AD7BF}.Debug|Any CPU.Build.0 = Debug|Any CPU
		{173DCB7E-DF63-456E-AB8C-7204DD8AD7BF}.Release|Any CPU.ActiveCfg = Release|Any CPU
		{173DCB7E-DF63-456E-AB8C-7204DD8AD7BF}.Release|Any CPU.Build.0 = Release|Any CPU
		{F05F4892-4CE0-49BC-A733-E8AF51BA7593}.Debug|Any CPU.ActiveCfg = Debug|Any CPU
		{F05F4892-4CE0-49BC-A733-E8AF51BA7593}.Debug|Any CPU.Build.0 = Debug|Any CPU
		{F05F4892-4CE0-49BC-A733-E8AF51BA7593}.Release|Any CPU.ActiveCfg = Release|Any CPU
		{F05F4892-4CE0-49BC-A733-E8AF51BA7593}.Release|Any CPU.Build.0 = Release|Any CPU
		{A59459C0-62E8-4AE1-99D7-3439A15EA69F}.Debug|Any CPU.ActiveCfg = Debug|Any CPU
		{A59459C0-62E8-4AE1-99D7-3439A15EA69F}.Debug|Any CPU.Build.0 = Debug|Any CPU
		{A59459C0-62E8-4AE1-99D7-3439A15EA69F}.Release|Any CPU.ActiveCfg = Release|Any CPU
		{A59459C0-62E8-4AE1-99D7-3439A15EA69F}.Release|Any CPU.Build.0 = Release|Any CPU
		{9968672D-8132-4C09-8F82-F633105293D5}.Debug|Any CPU.ActiveCfg = Debug|Any CPU
		{9968672D-8132-4C09-8F82-F633105293D5}.Debug|Any CPU.Build.0 = Debug|Any CPU
		{9968672D-8132-4C09-8F82-F633105293D5}.Release|Any CPU.ActiveCfg = Release|Any CPU
		{9968672D-8132-4C09-8F82-F633105293D5}.Release|Any CPU.Build.0 = Release|Any CPU
		{E8F28997-484D-46F6-B080-923A69146D5A}.Debug|Any CPU.ActiveCfg = Debug|Any CPU
		{E8F28997-484D-46F6-B080-923A69146D5A}.Debug|Any CPU.Build.0 = Debug|Any CPU
		{E8F28997-484D-46F6-B080-923A69146D5A}.Release|Any CPU.ActiveCfg = Release|Any CPU
		{E8F28997-484D-46F6-B080-923A69146D5A}.Release|Any CPU.Build.0 = Release|Any CPU
		{30605EBF-741F-4CFE-9C54-5346449F6BAF}.Debug|Any CPU.ActiveCfg = Debug|Any CPU
		{30605EBF-741F-4CFE-9C54-5346449F6BAF}.Debug|Any CPU.Build.0 = Debug|Any CPU
		{30605EBF-741F-4CFE-9C54-5346449F6BAF}.Release|Any CPU.ActiveCfg = Release|Any CPU
		{30605EBF-741F-4CFE-9C54-5346449F6BAF}.Release|Any CPU.Build.0 = Release|Any CPU
		{736CF1B3-1AA0-41A5-B46E-066F3B75AD57}.Debug|Any CPU.ActiveCfg = Debug|Any CPU
		{736CF1B3-1AA0-41A5-B46E-066F3B75AD57}.Debug|Any CPU.Build.0 = Debug|Any CPU
		{736CF1B3-1AA0-41A5-B46E-066F3B75AD57}.Release|Any CPU.ActiveCfg = Release|Any CPU
		{736CF1B3-1AA0-41A5-B46E-066F3B75AD57}.Release|Any CPU.Build.0 = Release|Any CPU
		{323904F6-9720-47DC-B002-D9067E6139F8}.Debug|Any CPU.ActiveCfg = Debug|Any CPU
		{323904F6-9720-47DC-B002-D9067E6139F8}.Debug|Any CPU.Build.0 = Debug|Any CPU
		{323904F6-9720-47DC-B002-D9067E6139F8}.Release|Any CPU.ActiveCfg = Release|Any CPU
		{323904F6-9720-47DC-B002-D9067E6139F8}.Release|Any CPU.Build.0 = Release|Any CPU
		{8A0C66C3-698B-4576-AC35-3BF7C8AA5DD4}.Debug|Any CPU.ActiveCfg = Debug|Any CPU
		{8A0C66C3-698B-4576-AC35-3BF7C8AA5DD4}.Debug|Any CPU.Build.0 = Debug|Any CPU
		{8A0C66C3-698B-4576-AC35-3BF7C8AA5DD4}.Release|Any CPU.ActiveCfg = Release|Any CPU
		{8A0C66C3-698B-4576-AC35-3BF7C8AA5DD4}.Release|Any CPU.Build.0 = Release|Any CPU
		{C15FA737-0CBA-47D5-9FFE-33EE88C9721E}.Debug|Any CPU.ActiveCfg = Debug|Any CPU
		{C15FA737-0CBA-47D5-9FFE-33EE88C9721E}.Debug|Any CPU.Build.0 = Debug|Any CPU
		{C15FA737-0CBA-47D5-9FFE-33EE88C9721E}.Release|Any CPU.ActiveCfg = Release|Any CPU
		{C15FA737-0CBA-47D5-9FFE-33EE88C9721E}.Release|Any CPU.Build.0 = Release|Any CPU
		{ECD17071-9765-45A8-B6A9-F8C3F85D3134}.Debug|Any CPU.ActiveCfg = Debug|Any CPU
		{ECD17071-9765-45A8-B6A9-F8C3F85D3134}.Debug|Any CPU.Build.0 = Debug|Any CPU
		{ECD17071-9765-45A8-B6A9-F8C3F85D3134}.Release|Any CPU.ActiveCfg = Release|Any CPU
		{ECD17071-9765-45A8-B6A9-F8C3F85D3134}.Release|Any CPU.Build.0 = Release|Any CPU
		{EB161F1E-FD87-47D5-8D59-31A61987130A}.Debug|Any CPU.ActiveCfg = Debug|Any CPU
		{EB161F1E-FD87-47D5-8D59-31A61987130A}.Debug|Any CPU.Build.0 = Debug|Any CPU
		{EB161F1E-FD87-47D5-8D59-31A61987130A}.Release|Any CPU.ActiveCfg = Release|Any CPU
		{EB161F1E-FD87-47D5-8D59-31A61987130A}.Release|Any CPU.Build.0 = Release|Any CPU
		{BD797767-1012-4900-8F80-0EC011A5B4F4}.Debug|Any CPU.ActiveCfg = Debug|Any CPU
		{BD797767-1012-4900-8F80-0EC011A5B4F4}.Debug|Any CPU.Build.0 = Debug|Any CPU
		{BD797767-1012-4900-8F80-0EC011A5B4F4}.Release|Any CPU.ActiveCfg = Release|Any CPU
		{BD797767-1012-4900-8F80-0EC011A5B4F4}.Release|Any CPU.Build.0 = Release|Any CPU
		{F6B64030-0851-471C-AAB5-832F39BDFD24}.Debug|Any CPU.ActiveCfg = Debug|Any CPU
		{F6B64030-0851-471C-AAB5-832F39BDFD24}.Debug|Any CPU.Build.0 = Debug|Any CPU
		{F6B64030-0851-471C-AAB5-832F39BDFD24}.Release|Any CPU.ActiveCfg = Release|Any CPU
		{F6B64030-0851-471C-AAB5-832F39BDFD24}.Release|Any CPU.Build.0 = Release|Any CPU
		{EBBC754A-5F17-41FC-AE41-1876ED2F99ED}.Debug|Any CPU.ActiveCfg = Debug|Any CPU
		{EBBC754A-5F17-41FC-AE41-1876ED2F99ED}.Debug|Any CPU.Build.0 = Debug|Any CPU
		{EBBC754A-5F17-41FC-AE41-1876ED2F99ED}.Release|Any CPU.ActiveCfg = Release|Any CPU
		{EBBC754A-5F17-41FC-AE41-1876ED2F99ED}.Release|Any CPU.Build.0 = Release|Any CPU
		{C6D088A2-4D98-466A-AB6B-18EDBE6D2149}.Debug|Any CPU.ActiveCfg = Debug|Any CPU
		{C6D088A2-4D98-466A-AB6B-18EDBE6D2149}.Debug|Any CPU.Build.0 = Debug|Any CPU
		{C6D088A2-4D98-466A-AB6B-18EDBE6D2149}.Release|Any CPU.ActiveCfg = Release|Any CPU
		{C6D088A2-4D98-466A-AB6B-18EDBE6D2149}.Release|Any CPU.Build.0 = Release|Any CPU
		{FD6D7557-56C8-44EC-AEF0-C063EC8265A4}.Debug|Any CPU.ActiveCfg = Debug|Any CPU
		{FD6D7557-56C8-44EC-AEF0-C063EC8265A4}.Debug|Any CPU.Build.0 = Debug|Any CPU
		{FD6D7557-56C8-44EC-AEF0-C063EC8265A4}.Release|Any CPU.ActiveCfg = Release|Any CPU
		{FD6D7557-56C8-44EC-AEF0-C063EC8265A4}.Release|Any CPU.Build.0 = Release|Any CPU
		{AF881D66-3E6F-4218-8DFA-031CED443F94}.Debug|Any CPU.ActiveCfg = Debug|Any CPU
		{AF881D66-3E6F-4218-8DFA-031CED443F94}.Debug|Any CPU.Build.0 = Debug|Any CPU
		{AF881D66-3E6F-4218-8DFA-031CED443F94}.Release|Any CPU.ActiveCfg = Release|Any CPU
		{AF881D66-3E6F-4218-8DFA-031CED443F94}.Release|Any CPU.Build.0 = Release|Any CPU
		{77AB29AC-D903-4F04-9267-E4D8D69E5832}.Debug|Any CPU.ActiveCfg = Debug|Any CPU
		{77AB29AC-D903-4F04-9267-E4D8D69E5832}.Debug|Any CPU.Build.0 = Debug|Any CPU
		{77AB29AC-D903-4F04-9267-E4D8D69E5832}.Release|Any CPU.ActiveCfg = Release|Any CPU
		{77AB29AC-D903-4F04-9267-E4D8D69E5832}.Release|Any CPU.Build.0 = Release|Any CPU
		{FEA0C318-FFED-4D39-8781-265718CA43DD}.Debug|Any CPU.ActiveCfg = Debug|Any CPU
		{FEA0C318-FFED-4D39-8781-265718CA43DD}.Debug|Any CPU.Build.0 = Debug|Any CPU
		{FEA0C318-FFED-4D39-8781-265718CA43DD}.Release|Any CPU.ActiveCfg = Release|Any CPU
		{FEA0C318-FFED-4D39-8781-265718CA43DD}.Release|Any CPU.Build.0 = Release|Any CPU
	EndGlobalSection
	GlobalSection(SolutionProperties) = preSolution
		HideSolutionNode = FALSE
	EndGlobalSection
	GlobalSection(NestedProjects) = preSolution
		{AC0D5F65-4838-4502-BA54-2DAFF445E861} = {30056C2B-7FFC-4C48-A419-93D8B756899D}
		{3F654FD6-30FF-43C8-AB04-C4F4B2E4EECF} = {30056C2B-7FFC-4C48-A419-93D8B756899D}
		{90D32BC6-C128-4CA0-B7F8-B55B100314EE} = {30056C2B-7FFC-4C48-A419-93D8B756899D}
		{173DCB7E-DF63-456E-AB8C-7204DD8AD7BF} = {AC0D5F65-4838-4502-BA54-2DAFF445E861}
		{F05F4892-4CE0-49BC-A733-E8AF51BA7593} = {AC0D5F65-4838-4502-BA54-2DAFF445E861}
		{A59459C0-62E8-4AE1-99D7-3439A15EA69F} = {AC0D5F65-4838-4502-BA54-2DAFF445E861}
		{9968672D-8132-4C09-8F82-F633105293D5} = {AC0D5F65-4838-4502-BA54-2DAFF445E861}
		{E8F28997-484D-46F6-B080-923A69146D5A} = {AC0D5F65-4838-4502-BA54-2DAFF445E861}
		{30605EBF-741F-4CFE-9C54-5346449F6BAF} = {AC0D5F65-4838-4502-BA54-2DAFF445E861}
		{736CF1B3-1AA0-41A5-B46E-066F3B75AD57} = {3F654FD6-30FF-43C8-AB04-C4F4B2E4EECF}
		{323904F6-9720-47DC-B002-D9067E6139F8} = {3F654FD6-30FF-43C8-AB04-C4F4B2E4EECF}
		{8A0C66C3-698B-4576-AC35-3BF7C8AA5DD4} = {3F654FD6-30FF-43C8-AB04-C4F4B2E4EECF}
		{C15FA737-0CBA-47D5-9FFE-33EE88C9721E} = {3F654FD6-30FF-43C8-AB04-C4F4B2E4EECF}
		{ECD17071-9765-45A8-B6A9-F8C3F85D3134} = {3F654FD6-30FF-43C8-AB04-C4F4B2E4EECF}
		{EB161F1E-FD87-47D5-8D59-31A61987130A} = {3F654FD6-30FF-43C8-AB04-C4F4B2E4EECF}
		{BD797767-1012-4900-8F80-0EC011A5B4F4} = {90D32BC6-C128-4CA0-B7F8-B55B100314EE}
		{F6B64030-0851-471C-AAB5-832F39BDFD24} = {90D32BC6-C128-4CA0-B7F8-B55B100314EE}
		{EBBC754A-5F17-41FC-AE41-1876ED2F99ED} = {90D32BC6-C128-4CA0-B7F8-B55B100314EE}
		{C6D088A2-4D98-466A-AB6B-18EDBE6D2149} = {90D32BC6-C128-4CA0-B7F8-B55B100314EE}
		{FD6D7557-56C8-44EC-AEF0-C063EC8265A4} = {90D32BC6-C128-4CA0-B7F8-B55B100314EE}
		{AF881D66-3E6F-4218-8DFA-031CED443F94} = {90D32BC6-C128-4CA0-B7F8-B55B100314EE}
		{77AB29AC-D903-4F04-9267-E4D8D69E5832} = {A576E48B-1002-478F-889B-5A23F432FA3B}
	EndGlobalSection
	GlobalSection(ExtensibilityGlobals) = postSolution
		SolutionGuid = {148592DC-79FF-4B93-9DF9-21C2E7C97DA6}
	EndGlobalSection
EndGlobal
