
Microsoft Visual Studio Solution File, Format Version 12.00
# Visual Studio Version 17
VisualStudioVersion = 17.0.31423.177
MinimumVisualStudioVersion = 10.0.40219.1
Project("{2150E333-8FDC-42A3-9474-1A3956D46DE8}") = "aggregators", "aggregators", "{A576E48B-1002-478F-889B-5A23F432FA3B}"
EndProject
Project("{2150E333-8FDC-42A3-9474-1A3956D46DE8}") = "microservices", "microservices", "{30056C2B-7FFC-4C48-A419-93D8B756899D}"
EndProject
Project("{2150E333-8FDC-42A3-9474-1A3956D46DE8}") = "account", "account", "{AC0D5F65-4838-4502-BA54-2DAFF445E861}"
EndProject
Project("{2150E333-8FDC-42A3-9474-1A3956D46DE8}") = "order", "order", "{3F654FD6-30FF-43C8-AB04-C4F4B2E4EECF}"
EndProject
Project("{2150E333-8FDC-42A3-9474-1A3956D46DE8}") = "stock", "stock", "{90D32BC6-C128-4CA0-B7F8-B55B100314EE}"
EndProject
Project("{9A19103F-16F7-4668-BE54-9A1E7A4F7556}") = "Silky.Account.Application", "microservices\account\Silky.Account.Application\Silky.Account.Application.csproj", "{173DCB7E-DF63-456E-AB8C-7204DD8AD7BF}"
EndProject
Project("{9A19103F-16F7-4668-BE54-9A1E7A4F7556}") = "Silky.Account.Application.Contracts", "microservices\account\Silky.Account.Application.Contracts\Silky.Account.Application.Contracts.csproj", "{F05F4892-4CE0-49BC-A733-E8AF51BA7593}"
EndProject
Project("{9A19103F-16F7-4668-BE54-9A1E7A4F7556}") = "Silky.Account.Domain", "microservices\account\Silky.Account.Domain\Silky.Account.Domain.csproj", "{A59459C0-62E8-4AE1-99D7-3439A15EA69F}"
EndProject
Project("{9A19103F-16F7-4668-BE54-9A1E7A4F7556}") = "Silky.Account.Domain.Shared", "microservices\account\Silky.Account.Domain.Shared\Silky.Account.Domain.Shared.csproj", "{9968672D-8132-4C09-8F82-F633105293D5}"
EndProject
Project("{9A19103F-16F7-4668-BE54-9A1E7A4F7556}") = "Silky.Account.EntityFrameworkCore", "microservices\account\Silky.Account.EntityFrameworkCore\Silky.Account.EntityFrameworkCore.csproj", "{E8F28997-484D-46F6-B080-923A69146D5A}"
EndProject
Project("{9A19103F-16F7-4668-BE54-9A1E7A4F7556}") = "Silky.AccountHost", "microservices\account\Silky.AccountHost\Silky.AccountHost.csproj", "{30605EBF-741F-4CFE-9C54-5346449F6BAF}"
EndProject
Project("{9A19103F-16F7-4668-BE54-9A1E7A4F7556}") = "Silky.Order.Application", "microservices\order\Silky.Order.Application\Silky.Order.Application.csproj", "{736CF1B3-1AA0-41A5-B46E-066F3B75AD57}"
EndProject
Project("{9A19103F-16F7-4668-BE54-9A1E7A4F7556}") = "Silky.Order.Application.Contracts", "microservices\order\Silky.Order.Application.Contracts\Silky.Order.Application.Contracts.csproj", "{323904F6-9720-47DC-B002-D9067E6139F8}"
EndProject
Project("{9A19103F-16F7-4668-BE54-9A1E7A4F7556}") = "Silky.Order.Domain", "microservices\order\Silky.Order.Domain\Silky.Order.Domain.csproj", "{8A0C66C3-698B-4576-AC35-3BF7C8AA5DD4}"
EndProject
Project("{9A19103F-16F7-4668-BE54-9A1E7A4F7556}") = "Silky.Order.Domain.Shared", "microservices\order\Silky.Order.Domain.Shared\Silky.Order.Domain.Shared.csproj", "{C15FA737-0CBA-47D5-9FFE-33EE88C9721E}"
EndProject
Project("{9A19103F-16F7-4668-BE54-9A1E7A4F7556}") = "Silky.Order.EntityFrameworkCore", "microservices\order\Silky.Order.EntityFrameworkCore\Silky.Order.EntityFrameworkCore.csproj", "{ECD17071-9765-45A8-B6A9-F8C3F85D3134}"
EndProject
Project("{9A19103F-16F7-4668-BE54-9A1E7A4F7556}") = "Silky.OrderHost", "microservices\order\Silky.OrderHost\Silky.OrderHost.csproj", "{EB161F1E-FD87-47D5-8D59-31A61987130A}"
EndProject
Project("{9A19103F-16F7-4668-BE54-9A1E7A4F7556}") = "Silky.Stock.Application", "microservices\stock\Silky.Stock.Application\Silky.Stock.Application.csproj", "{BD797767-1012-4900-8F80-0EC011A5B4F4}"
EndProject
Project("{9A19103F-16F7-4668-BE54-9A1E7A4F7556}") = "Silky.Stock.Application.Contracts", "microservices\stock\Silky.Stock.Application.Contracts\Silky.Stock.Application.Contracts.csproj", "{F6B64030-0851-471C-AAB5-832F39BDFD24}"
EndProject
Project("{9A19103F-16F7-4668-BE54-9A1E7A4F7556}") = "Silky.Stock.Domain", "microservices\stock\Silky.Stock.Domain\Silky.Stock.Domain.csproj", "{EBBC754A-5F17-41FC-AE41-1876ED2F99ED}"
EndProject
Project("{9A19103F-16F7-4668-BE54-9A1E7A4F7556}") = "Silky.Stock.Domain.Shared", "microservices\stock\Silky.Stock.Domain.Shared\Silky.Stock.Domain.Shared.csproj", "{C6D088A2-4D98-466A-AB6B-18EDBE6D2149}"
EndProject
Project("{9A19103F-16F7-4668-BE54-9A1E7A4F7556}") = "Silky.Stock.EntityFrameworkCore", "microservices\stock\Silky.Stock.EntityFrameworkCore\Silky.Stock.EntityFrameworkCore.csproj", "{FD6D7557-56C8-44EC-AEF0-C063EC8265A4}"
EndProject
Project("{9A19103F-16F7-4668-BE54-9A1E7A4F7556}") = "Silky.StockHost", "microservices\stock\Silky.StockHost\Silky.StockHost.csproj", "{AF881D66-3E6F-4218-8DFA-031CED443F94}"
EndProject
Project("{9A19103F-16F7-4668-BE54-9A1E7A4F7556}") = "Silky.GatewayHost", "aggregators\Silky.GatewayHost\Silky.GatewayHost.csproj", "{77AB29AC-D903-4F04-9267-E4D8D69E5832}"
EndProject
Project("{9A19103F-16F7-4668-BE54-9A1E7A4F7556}") = "Silky.Account.Database.Migrations", "microservices\account\Silky.Account.Database.Migrations\Silky.Account.Database.Migrations.csproj", "{CB96BBE4-03A2-4BDA-88B5-FA9CB464CE95}"
EndProject
Project("{9A19103F-16F7-4668-BE54-9A1E7A4F7556}") = "Silky.Order.Database.Migrations", "microservices\order\Silky.Order.Database.Migrations\Silky.Order.Database.Migrations.csproj", "{94946AB4-05E3-4E45-9841-13FE80E755B5}"
EndProject
Project("{9A19103F-16F7-4668-BE54-9A1E7A4F7556}") = "Silky.Stock.Database.Migrations", "microservices\stock\Silky.Stock.Database.Migrations\Silky.Stock.Database.Migrations.csproj", "{6DB865DB-DAB8-4BBD-9D76-E6CE593157A1}"
EndProject
Global
	GlobalSection(SolutionConfigurationPlatforms) = preSolution
		Debug|Any CPU = Debug|Any CPU
		Release|Any CPU = Release|Any CPU
	EndGlobalSection
	GlobalSection(ProjectConfigurationPlatforms) = postSolution
		{173DCB7E-DF63-456E-AB8C-7204DD8AD7BF}.Debug|Any CPU.ActiveCfg = Debug|Any CPU
		{173DCB7E-DF63-456E-AB8C-7204DD8AD7BF}.Debug|Any CPU.Build.0 = Debug|Any CPU
		{173DCB7E-DF63-456E-AB8C-7204DD8AD7BF}.Release|Any CPU.ActiveCfg = Release|Any CPU
		{173DCB7E-DF63-456E-AB8C-7204DD8AD7BF}.Release|Any CPU.Build.0 = Release|Any CPU
		{F05F4892-4CE0-49BC-A733-E8AF51BA7593}.Debug|Any CPU.ActiveCfg = Debug|Any CPU
		{F05F4892-4CE0-49BC-A733-E8AF51BA7593}.Debug|Any CPU.Build.0 = Debug|Any CPU
		{F05F4892-4CE0-49BC-A733-E8AF51BA7593}.Release|Any CPU.ActiveCfg = Release|Any CPU
		{F05F4892-4CE0-49BC-A733-E8AF51BA7593}.Release|Any CPU.Build.0 = Release|Any CPU
		{A59459C0-62E8-4AE1-99D7-3439A15EA69F}.Debug|Any CPU.ActiveCfg = Debug|Any CPU
		{A59459C0-62E8-4AE1-99D7-3439A15EA69F}.Debug|Any CPU.Build.0 = Debug|Any CPU
		{A59459C0-62E8-4AE1-99D7-3439A15EA69F}.Release|Any CPU.ActiveCfg = Release|Any CPU
		{A59459C0-62E8-4AE1-99D7-3439A15EA69F}.Release|Any CPU.Build.0 = Release|Any CPU
		{9968672D-8132-4C09-8F82-F633105293D5}.Debug|Any CPU.ActiveCfg = Debug|Any CPU
		{9968672D-8132-4C09-8F82-F633105293D5}.Debug|Any CPU.Build.0 = Debug|Any CPU
		{9968672D-8132-4C09-8F82-F633105293D5}.Release|Any CPU.ActiveCfg = Release|Any CPU
		{9968672D-8132-4C09-8F82-F633105293D5}.Release|Any CPU.Build.0 = Release|Any CPU
		{E8F28997-484D-46F6-B080-923A69146D5A}.Debug|Any CPU.ActiveCfg = Debug|Any CPU
		{E8F28997-484D-46F6-B080-923A69146D5A}.Debug|Any CPU.Build.0 = Debug|Any CPU
		{E8F28997-484D-46F6-B080-923A69146D5A}.Release|Any CPU.ActiveCfg = Release|Any CPU
		{E8F28997-484D-46F6-B080-923A69146D5A}.Release|Any CPU.Build.0 = Release|Any CPU
		{30605EBF-741F-4CFE-9C54-5346449F6BAF}.Debug|Any CPU.ActiveCfg = Debug|Any CPU
		{30605EBF-741F-4CFE-9C54-5346449F6BAF}.Debug|Any CPU.Build.0 = Debug|Any CPU
		{30605EBF-741F-4CFE-9C54-5346449F6BAF}.Release|Any CPU.ActiveCfg = Release|Any CPU
		{30605EBF-741F-4CFE-9C54-5346449F6BAF}.Release|Any CPU.Build.0 = Release|Any CPU
		{736CF1B3-1AA0-41A5-B46E-066F3B75AD57}.Debug|Any CPU.ActiveCfg = Debug|Any CPU
		{736CF1B3-1AA0-41A5-B46E-066F3B75AD57}.Debug|Any CPU.Build.0 = Debug|Any CPU
		{736CF1B3-1AA0-41A5-B46E-066F3B75AD57}.Release|Any CPU.ActiveCfg = Release|Any CPU
		{736CF1B3-1AA0-41A5-B46E-066F3B75AD57}.Release|Any CPU.Build.0 = Release|Any CPU
		{323904F6-9720-47DC-B002-D9067E6139F8}.Debug|Any CPU.ActiveCfg = Debug|Any CPU
		{323904F6-9720-47DC-B002-D9067E6139F8}.Debug|Any CPU.Build.0 = Debug|Any CPU
		{323904F6-9720-47DC-B002-D9067E6139F8}.Release|Any CPU.ActiveCfg = Release|Any CPU
		{323904F6-9720-47DC-B002-D9067E6139F8}.Release|Any CPU.Build.0 = Release|Any CPU
		{8A0C66C3-698B-4576-AC35-3BF7C8AA5DD4}.Debug|Any CPU.ActiveCfg = Debug|Any CPU
		{8A0C66C3-698B-4576-AC35-3BF7C8AA5DD4}.Debug|Any CPU.Build.0 = Debug|Any CPU
		{8A0C66C3-698B-4576-AC35-3BF7C8AA5DD4}.Release|Any CPU.ActiveCfg = Release|Any CPU
		{8A0C66C3-698B-4576-AC35-3BF7C8AA5DD4}.Release|Any CPU.Build.0 = Release|Any CPU
		{C15FA737-0CBA-47D5-9FFE-33EE88C9721E}.Debug|Any CPU.ActiveCfg = Debug|Any CPU
		{C15FA737-0CBA-47D5-9FFE-33EE88C9721E}.Debug|Any CPU.Build.0 = Debug|Any CPU
		{C15FA737-0CBA-47D5-9FFE-33EE88C9721E}.Release|Any CPU.ActiveCfg = Release|Any CPU
		{C15FA737-0CBA-47D5-9FFE-33EE88C9721E}.Release|Any CPU.Build.0 = Release|Any CPU
		{ECD17071-9765-45A8-B6A9-F8C3F85D3134}.Debug|Any CPU.ActiveCfg = Debug|Any CPU
		{ECD17071-9765-45A8-B6A9-F8C3F85D3134}.Debug|Any CPU.Build.0 = Debug|Any CPU
		{ECD17071-9765-45A8-B6A9-F8C3F85D3134}.Release|Any CPU.ActiveCfg = Release|Any CPU
		{ECD17071-9765-45A8-B6A9-F8C3F85D3134}.Release|Any CPU.Build.0 = Release|Any CPU
		{EB161F1E-FD87-47D5-8D59-31A61987130A}.Debug|Any CPU.ActiveCfg = Debug|Any CPU
		{EB161F1E-FD87-47D5-8D59-31A61987130A}.Debug|Any CPU.Build.0 = Debug|Any CPU
		{EB161F1E-FD87-47D5-8D59-31A61987130A}.Release|Any CPU.ActiveCfg = Release|Any CPU
		{EB161F1E-FD87-47D5-8D59-31A61987130A}.Release|Any CPU.Build.0 = Release|Any CPU
		{BD797767-1012-4900-8F80-0EC011A5B4F4}.Debug|Any CPU.ActiveCfg = Debug|Any CPU
		{BD797767-1012-4900-8F80-0EC011A5B4F4}.Debug|Any CPU.Build.0 = Debug|Any CPU
		{BD797767-1012-4900-8F80-0EC011A5B4F4}.Release|Any CPU.ActiveCfg = Release|Any CPU
		{BD797767-1012-4900-8F80-0EC011A5B4F4}.Release|Any CPU.Build.0 = Release|Any CPU
		{F6B64030-0851-471C-AAB5-832F39BDFD24}.Debug|Any CPU.ActiveCfg = Debug|Any CPU
		{F6B64030-0851-471C-AAB5-832F39BDFD24}.Debug|Any CPU.Build.0 = Debug|Any CPU
		{F6B64030-0851-471C-AAB5-832F39BDFD24}.Release|Any CPU.ActiveCfg = Release|Any CPU
		{F6B64030-0851-471C-AAB5-832F39BDFD24}.Release|Any CPU.Build.0 = Release|Any CPU
		{EBBC754A-5F17-41FC-AE41-1876ED2F99ED}.Debug|Any CPU.ActiveCfg = Debug|Any CPU
		{EBBC754A-5F17-41FC-AE41-1876ED2F99ED}.Debug|Any CPU.Build.0 = Debug|Any CPU
		{EBBC754A-5F17-41FC-AE41-1876ED2F99ED}.Release|Any CPU.ActiveCfg = Release|Any CPU
		{EBBC754A-5F17-41FC-AE41-1876ED2F99ED}.Release|Any CPU.Build.0 = Release|Any CPU
		{C6D088A2-4D98-466A-AB6B-18EDBE6D2149}.Debug|Any CPU.ActiveCfg = Debug|Any CPU
		{C6D088A2-4D98-466A-AB6B-18EDBE6D2149}.Debug|Any CPU.Build.0 = Debug|Any CPU
		{C6D088A2-4D98-466A-AB6B-18EDBE6D2149}.Release|Any CPU.ActiveCfg = Release|Any CPU
		{C6D088A2-4D98-466A-AB6B-18EDBE6D2149}.Release|Any CPU.Build.0 = Release|Any CPU
		{FD6D7557-56C8-44EC-AEF0-C063EC8265A4}.Debug|Any CPU.ActiveCfg = Debug|Any CPU
		{FD6D7557-56C8-44EC-AEF0-C063EC8265A4}.Debug|Any CPU.Build.0 = Debug|Any CPU
		{FD6D7557-56C8-44EC-AEF0-C063EC8265A4}.Release|Any CPU.ActiveCfg = Release|Any CPU
		{FD6D7557-56C8-44EC-AEF0-C063EC8265A4}.Release|Any CPU.Build.0 = Release|Any CPU
		{AF881D66-3E6F-4218-8DFA-031CED443F94}.Debug|Any CPU.ActiveCfg = Debug|Any CPU
		{AF881D66-3E6F-4218-8DFA-031CED443F94}.Debug|Any CPU.Build.0 = Debug|Any CPU
		{AF881D66-3E6F-4218-8DFA-031CED443F94}.Release|Any CPU.ActiveCfg = Release|Any CPU
		{AF881D66-3E6F-4218-8DFA-031CED443F94}.Release|Any CPU.Build.0 = Release|Any CPU
		{77AB29AC-D903-4F04-9267-E4D8D69E5832}.Debug|Any CPU.ActiveCfg = Debug|Any CPU
		{77AB29AC-D903-4F04-9267-E4D8D69E5832}.Debug|Any CPU.Build.0 = Debug|Any CPU
		{77AB29AC-D903-4F04-9267-E4D8D69E5832}.Release|Any CPU.ActiveCfg = Release|Any CPU
		{77AB29AC-D903-4F04-9267-E4D8D69E5832}.Release|Any CPU.Build.0 = Release|Any CPU
		{CB96BBE4-03A2-4BDA-88B5-FA9CB464CE95}.Debug|Any CPU.ActiveCfg = Debug|Any CPU
		{CB96BBE4-03A2-4BDA-88B5-FA9CB464CE95}.Debug|Any CPU.Build.0 = Debug|Any CPU
		{CB96BBE4-03A2-4BDA-88B5-FA9CB464CE95}.Release|Any CPU.ActiveCfg = Release|Any CPU
		{CB96BBE4-03A2-4BDA-88B5-FA9CB464CE95}.Release|Any CPU.Build.0 = Release|Any CPU
		{94946AB4-05E3-4E45-9841-13FE80E755B5}.Debug|Any CPU.ActiveCfg = Debug|Any CPU
		{94946AB4-05E3-4E45-9841-13FE80E755B5}.Debug|Any CPU.Build.0 = Debug|Any CPU
		{94946AB4-05E3-4E45-9841-13FE80E755B5}.Release|Any CPU.ActiveCfg = Release|Any CPU
		{94946AB4-05E3-4E45-9841-13FE80E755B5}.Release|Any CPU.Build.0 = Release|Any CPU
		{6DB865DB-DAB8-4BBD-9D76-E6CE593157A1}.Debug|Any CPU.ActiveCfg = Debug|Any CPU
		{6DB865DB-DAB8-4BBD-9D76-E6CE593157A1}.Debug|Any CPU.Build.0 = Debug|Any CPU
		{6DB865DB-DAB8-4BBD-9D76-E6CE593157A1}.Release|Any CPU.ActiveCfg = Release|Any CPU
		{6DB865DB-DAB8-4BBD-9D76-E6CE593157A1}.Release|Any CPU.Build.0 = Release|Any CPU
	EndGlobalSection
	GlobalSection(SolutionProperties) = preSolution
		HideSolutionNode = FALSE
	EndGlobalSection
	GlobalSection(NestedProjects) = preSolution
		{AC0D5F65-4838-4502-BA54-2DAFF445E861} = {30056C2B-7FFC-4C48-A419-93D8B756899D}
		{3F654FD6-30FF-43C8-AB04-C4F4B2E4EECF} = {30056C2B-7FFC-4C48-A419-93D8B756899D}
		{90D32BC6-C128-4CA0-B7F8-B55B100314EE} = {30056C2B-7FFC-4C48-A419-93D8B756899D}
		{173DCB7E-DF63-456E-AB8C-7204DD8AD7BF} = {AC0D5F65-4838-4502-BA54-2DAFF445E861}
		{F05F4892-4CE0-49BC-A733-E8AF51BA7593} = {AC0D5F65-4838-4502-BA54-2DAFF445E861}
		{A59459C0-62E8-4AE1-99D7-3439A15EA69F} = {AC0D5F65-4838-4502-BA54-2DAFF445E861}
		{9968672D-8132-4C09-8F82-F633105293D5} = {AC0D5F65-4838-4502-BA54-2DAFF445E861}
		{E8F28997-484D-46F6-B080-923A69146D5A} = {AC0D5F65-4838-4502-BA54-2DAFF445E861}
		{30605EBF-741F-4CFE-9C54-5346449F6BAF} = {AC0D5F65-4838-4502-BA54-2DAFF445E861}
		{736CF1B3-1AA0-41A5-B46E-066F3B75AD57} = {3F654FD6-30FF-43C8-AB04-C4F4B2E4EECF}
		{323904F6-9720-47DC-B002-D9067E6139F8} = {3F654FD6-30FF-43C8-AB04-C4F4B2E4EECF}
		{8A0C66C3-698B-4576-AC35-3BF7C8AA5DD4} = {3F654FD6-30FF-43C8-AB04-C4F4B2E4EECF}
		{C15FA737-0CBA-47D5-9FFE-33EE88C9721E} = {3F654FD6-30FF-43C8-AB04-C4F4B2E4EECF}
		{ECD17071-9765-45A8-B6A9-F8C3F85D3134} = {3F654FD6-30FF-43C8-AB04-C4F4B2E4EECF}
		{EB161F1E-FD87-47D5-8D59-31A61987130A} = {3F654FD6-30FF-43C8-AB04-C4F4B2E4EECF}
		{BD797767-1012-4900-8F80-0EC011A5B4F4} = {90D32BC6-C128-4CA0-B7F8-B55B100314EE}
		{F6B64030-0851-471C-AAB5-832F39BDFD24} = {90D32BC6-C128-4CA0-B7F8-B55B100314EE}
		{EBBC754A-5F17-41FC-AE41-1876ED2F99ED} = {90D32BC6-C128-4CA0-B7F8-B55B100314EE}
		{C6D088A2-4D98-466A-AB6B-18EDBE6D2149} = {90D32BC6-C128-4CA0-B7F8-B55B100314EE}
		{FD6D7557-56C8-44EC-AEF0-C063EC8265A4} = {90D32BC6-C128-4CA0-B7F8-B55B100314EE}
		{AF881D66-3E6F-4218-8DFA-031CED443F94} = {90D32BC6-C128-4CA0-B7F8-B55B100314EE}
		{77AB29AC-D903-4F04-9267-E4D8D69E5832} = {A576E48B-1002-478F-889B-5A23F432FA3B}
		{CB96BBE4-03A2-4BDA-88B5-FA9CB464CE95} = {AC0D5F65-4838-4502-BA54-2DAFF445E861}
		{94946AB4-05E3-4E45-9841-13FE80E755B5} = {3F654FD6-30FF-43C8-AB04-C4F4B2E4EECF}
		{6DB865DB-DAB8-4BBD-9D76-E6CE593157A1} = {90D32BC6-C128-4CA0-B7F8-B55B100314EE}
	EndGlobalSection
	GlobalSection(ExtensibilityGlobals) = postSolution
		SolutionGuid = {0CC02498-BDD2-4E42-8263-2F4EAF2C388A}
	EndGlobalSection
EndGlobal
