
Microsoft Visual Studio Solution File, Format Version 12.00
Project("{2150E333-8FDC-42A3-9474-1A3956D46DE8}") = "gateways", "gateways", "{03CEF050-738E-497D-A555-E414B4BB43F5}"
EndProject
Project("{FAE04EC0-301F-11D3-BF4B-00C04F79EFBC}") = "SilkyApp.GatewayHost", "gateways\SilkyApp.GatewayHost\SilkyApp.GatewayHost.csproj", "{C9482EFC-55B3-4B3F-B3B7-DBC1077F2FB4}"
EndProject
Global
	GlobalSection(SolutionConfigurationPlatforms) = preSolution
		Debug|Any CPU = Debug|Any CPU
		Release|Any CPU = Release|Any CPU
	EndGlobalSection
	GlobalSection(NestedProjects) = preSolution
		{C9482EFC-55B3-4B3F-B3B7-DBC1077F2FB4} = {03CEF050-738E-497D-A555-E414B4BB43F5}
	EndGlobalSection
	GlobalSection(ProjectConfigurationPlatforms) = postSolution
		{C9482EFC-55B3-4B3F-B3B7-DBC1077F2FB4}.Debug|Any CPU.ActiveCfg = Debug|Any CPU
		{C9482EFC-55B3-4B3F-B3B7-DBC1077F2FB4}.Debug|Any CPU.Build.0 = Debug|Any CPU
		{C9482EFC-55B3-4B3F-B3B7-DBC1077F2FB4}.Release|Any CPU.ActiveCfg = Release|Any CPU
		{C9482EFC-55B3-4B3F-B3B7-DBC1077F2FB4}.Release|Any CPU.Build.0 = Release|Any CPU
	EndGlobalSection
EndGlobal
