
Microsoft Visual Studio Solution File, Format Version 12.00
Project("{2150E333-8FDC-42A3-9474-1A3956D46DE8}") = "microservices", "microservices", "{A1CA826E-EE44-42F5-9AA9-A4DBB6AB6A1E}"
EndProject
Project("{2150E333-8FDC-42A3-9474-1A3956D46DE8}") = "silkyapp", "silkyapp", "{D252D2C4-C2AE-4AAE-A2FC-07A6D222F669}"
EndProject
Project("{FAE04EC0-301F-11D3-BF4B-00C04F79EFBC}") = "SilkyAppHost", "microservices\SilkyApp\SilkyAppHost\SilkyAppHost.csproj", "{856C14EB-B8CF-4E86-9468-05D07AFA5839}"
EndProject
Global
	GlobalSection(SolutionConfigurationPlatforms) = preSolution
		Debug|Any CPU = Debug|Any CPU
		Release|Any CPU = Release|Any CPU
	EndGlobalSection
	GlobalSection(NestedProjects) = preSolution
		{D252D2C4-C2AE-4AAE-A2FC-07A6D222F669} = {A1CA826E-EE44-42F5-9AA9-A4DBB6AB6A1E}
		{856C14EB-B8CF-4E86-9468-05D07AFA5839} = {D252D2C4-C2AE-4AAE-A2FC-07A6D222F669}
	EndGlobalSection
	GlobalSection(ProjectConfigurationPlatforms) = postSolution
		{856C14EB-B8CF-4E86-9468-05D07AFA5839}.Debug|Any CPU.ActiveCfg = Debug|Any CPU
		{856C14EB-B8CF-4E86-9468-05D07AFA5839}.Debug|Any CPU.Build.0 = Debug|Any CPU
		{856C14EB-B8CF-4E86-9468-05D07AFA5839}.Release|Any CPU.ActiveCfg = Release|Any CPU
		{856C14EB-B8CF-4E86-9468-05D07AFA5839}.Release|Any CPU.Build.0 = Release|Any CPU
	EndGlobalSection
EndGlobal
