
Microsoft Visual Studio Solution File, Format Version 12.00
Project("{FAE04EC0-301F-11D3-BF4B-00C04F79EFBC}") = "GatewayDemo", "GatewayDemo\GatewayDemo.csproj", "{EAB7B0B6-868D-4517-BCD1-AF18FE311E17}"
EndProject
Project("{2150E333-8FDC-42A3-9474-1A3956D46DE8}") = " Contracts", " Contracts", "{29ED3152-4E1E-44B7-B9C3-96A818FFA628}"
EndProject
Project("{FAE04EC0-301F-11D3-BF4B-00C04F79EFBC}") = "Application.Contracts", "..\generalhost\Application.Contracts\Application.Contracts.csproj", "{5B4F25C8-9536-478B-B2A1-B154930A738C}"
EndProject
Project("{FAE04EC0-301F-11D3-BF4B-00C04F79EFBC}") = "WsApplication.Contracts", "..\websocket\WsApplication.Contracts\WsApplication.Contracts.csproj", "{0E8067EF-453F-4906-9107-46EED0DBC1CF}"
EndProject
Global
	GlobalSection(SolutionConfigurationPlatforms) = preSolution
		Debug|Any CPU = Debug|Any CPU
		Release|Any CPU = Release|Any CPU
	EndGlobalSection
	GlobalSection(ProjectConfigurationPlatforms) = postSolution
		{EAB7B0B6-868D-4517-BCD1-AF18FE311E17}.Debug|Any CPU.ActiveCfg = Debug|Any CPU
		{EAB7B0B6-868D-4517-BCD1-AF18FE311E17}.Debug|Any CPU.Build.0 = Debug|Any CPU
		{EAB7B0B6-868D-4517-BCD1-AF18FE311E17}.Release|Any CPU.ActiveCfg = Release|Any CPU
		{EAB7B0B6-868D-4517-BCD1-AF18FE311E17}.Release|Any CPU.Build.0 = Release|Any CPU
		{5B4F25C8-9536-478B-B2A1-B154930A738C}.Debug|Any CPU.ActiveCfg = Debug|Any CPU
		{5B4F25C8-9536-478B-B2A1-B154930A738C}.Debug|Any CPU.Build.0 = Debug|Any CPU
		{5B4F25C8-9536-478B-B2A1-B154930A738C}.Release|Any CPU.ActiveCfg = Release|Any CPU
		{5B4F25C8-9536-478B-B2A1-B154930A738C}.Release|Any CPU.Build.0 = Release|Any CPU
		{0E8067EF-453F-4906-9107-46EED0DBC1CF}.Debug|Any CPU.ActiveCfg = Debug|Any CPU
		{0E8067EF-453F-4906-9107-46EED0DBC1CF}.Debug|Any CPU.Build.0 = Debug|Any CPU
		{0E8067EF-453F-4906-9107-46EED0DBC1CF}.Release|Any CPU.ActiveCfg = Release|Any CPU
		{0E8067EF-453F-4906-9107-46EED0DBC1CF}.Release|Any CPU.Build.0 = Release|Any CPU
	EndGlobalSection
	GlobalSection(NestedProjects) = preSolution
		{5B4F25C8-9536-478B-B2A1-B154930A738C} = {29ED3152-4E1E-44B7-B9C3-96A818FFA628}
		{0E8067EF-453F-4906-9107-46EED0DBC1CF} = {29ED3152-4E1E-44B7-B9C3-96A818FFA628}
	EndGlobalSection
EndGlobal
